// !$*UTF8*$!
{
	archiveVersion = 1;
	classes = {
	};
	objectVersion = 46;
	objects = {

/* Begin PBXBuildFile section */
		0207DA581B56EA530066E2B4 /* Images.xcassets in Resources */ = {isa = PBXBuildFile; fileRef = 0207DA571B56EA530066E2B4 /* Images.xcassets */; };
		0527BD74DE3A4C27B8864BC7 /* CDVFileTransfer.m in Sources */ = {isa = PBXBuildFile; fileRef = 20BB41787754475993BE811A /* CDVFileTransfer.m */; };
		0B56F68B814447B9AC13D6B2 /* UIImage+CropScaleOrientation.m in Sources */ = {isa = PBXBuildFile; fileRef = 19835542DD794EB9A436260B /* UIImage+CropScaleOrientation.m */; };
		12F3A6869E2E4E6FB79687DB /* CDVBattery.m in Sources */ = {isa = PBXBuildFile; fileRef = B4B5934516D5403BB188EACE /* CDVBattery.m */; };
		1328B5B0031A4F77A0EDB045 /* CDVJpegHeaderWriter.m in Sources */ = {isa = PBXBuildFile; fileRef = C83C277A4F3A4F8D9704DE0F /* CDVJpegHeaderWriter.m */; };
		16F8CA919B64414A9B753E5B /* CDVCamera.m in Sources */ = {isa = PBXBuildFile; fileRef = CEA124DCFA0B4A4192DD6F9B /* CDVCamera.m */; };
		17C0FFFD7FB74E8EA3312001 /* AddressBook.framework in Frameworks */ = {isa = PBXBuildFile; fileRef = 3C4051A3572B43E39E80B503 /* AddressBook.framework */; settings = {ATTRIBUTES = (Weak, ); }; };
		1D3623260D0F684500981E51 /* AppDelegate.m in Sources */ = {isa = PBXBuildFile; fileRef = 1D3623250D0F684500981E51 /* AppDelegate.m */; };
		1D60589B0D05DD56006BFB54 /* main.m in Sources */ = {isa = PBXBuildFile; fileRef = 29B97316FDCFA39411CA2CEA /* main.m */; };
		21F3D91112074F0EACF9FC38 /* CDVLocalFilesystem.m in Sources */ = {isa = PBXBuildFile; fileRef = 936333FC395749048A7C6623 /* CDVLocalFilesystem.m */; };
		2C5BE047BE584E95A93CEA87 /* CDVSplashScreen.m in Sources */ = {isa = PBXBuildFile; fileRef = 4D3A3CF25F104BD5A547CF99 /* CDVSplashScreen.m */; };
		2CD2641E756F4E4A97512EB1 /* CDVCapture.m in Sources */ = {isa = PBXBuildFile; fileRef = 4B95274DF8CC4464884A6565 /* CDVCapture.m */; };
		301BF552109A68D80062928A /* libCordova.a in Frameworks */ = {isa = PBXBuildFile; fileRef = 301BF535109A57CC0062928A /* libCordova.a */; };
		302D95F114D2391D003F00A1 /* MainViewController.m in Sources */ = {isa = PBXBuildFile; fileRef = 302D95EF14D2391D003F00A1 /* MainViewController.m */; };
		302D95F214D2391D003F00A1 /* MainViewController.xib in Resources */ = {isa = PBXBuildFile; fileRef = 302D95F014D2391D003F00A1 /* MainViewController.xib */; };
		3047A5121AB8059700498E2A /* build-debug.xcconfig in Resources */ = {isa = PBXBuildFile; fileRef = 3047A50F1AB8059700498E2A /* build-debug.xcconfig */; };
		3047A5131AB8059700498E2A /* build-release.xcconfig in Resources */ = {isa = PBXBuildFile; fileRef = 3047A5101AB8059700498E2A /* build-release.xcconfig */; };
		3047A5141AB8059700498E2A /* build.xcconfig in Resources */ = {isa = PBXBuildFile; fileRef = 3047A5111AB8059700498E2A /* build.xcconfig */; };
		312D587138E04F17AC941CB7 /* ImageIO.framework in Frameworks */ = {isa = PBXBuildFile; fileRef = CACFF087E43442D684451805 /* ImageIO.framework */; settings = {ATTRIBUTES = (Weak, ); }; };
		442408C1E94441DDAFE28328 /* CDVSound.m in Sources */ = {isa = PBXBuildFile; fileRef = E4C914958B4D424A8CF85AE4 /* CDVSound.m */; };
		48BA66B2E85A4D2184238656 /* CDVVibration.m in Sources */ = {isa = PBXBuildFile; fileRef = 0964F0BA2A7E4A7AAD2DFA63 /* CDVVibration.m */; };
		5848425F2B464A20B796031B /* CDVLogger.m in Sources */ = {isa = PBXBuildFile; fileRef = 9EE9A1C33F75422D9190AE3A /* CDVLogger.m */; };
		5F3B4D5774E94F99920F039F /* CoreLocation.framework in Frameworks */ = {isa = PBXBuildFile; fileRef = 1C744CAEC0154793BC3FFA92 /* CoreLocation.framework */; };
		6978FDE81AD2461E9B5C3D53 /* CDVViewController+SplashScreen.m in Sources */ = {isa = PBXBuildFile; fileRef = 06BF7B693F674A2F9ED5A562 /* CDVViewController+SplashScreen.m */; };
		6985BBEA8394450280F4C841 /* AVFoundation.framework in Frameworks */ = {isa = PBXBuildFile; fileRef = 567E23F49C75498BAE219C08 /* AVFoundation.framework */; };
		7E31B9D2A45840379B9BCF93 /* CDVNotification.m in Sources */ = {isa = PBXBuildFile; fileRef = 4C03044CA2E94D84ACC50CB5 /* CDVNotification.m */; };
		7F5D74A3EE53439F86BBFDB8 /* CDVStatusBar.m in Sources */ = {isa = PBXBuildFile; fileRef = F328BB6478204DB1A3712347 /* CDVStatusBar.m */; };
		897C0724C82C448FA1325110 /* CDVReachability.m in Sources */ = {isa = PBXBuildFile; fileRef = 68BA916858B446C7B38CF824 /* CDVReachability.m */; };
		8A8EC0D83B274F8C94F1CE29 /* CDVInAppBrowser.m in Sources */ = {isa = PBXBuildFile; fileRef = BBF029BB4D92494BB8FDA22D /* CDVInAppBrowser.m */; };
		90B2336E6F224CE6A9DF5E5E /* CDVLocation.m in Sources */ = {isa = PBXBuildFile; fileRef = AB52669D9571446F946B37DF /* CDVLocation.m */; };
		912FE3AEB5C540B8959FD78E /* SystemConfiguration.framework in Frameworks */ = {isa = PBXBuildFile; fileRef = 02C66669CA3A4D1AB8D939E3 /* SystemConfiguration.framework */; settings = {ATTRIBUTES = (Weak, ); }; };
		93FBA8B0840D49E7B033FD19 /* CDVCompass.m in Sources */ = {isa = PBXBuildFile; fileRef = 4C2FD6F022B34C2193C61339 /* CDVCompass.m */; };
		9956EA0EB5F4494A8BBC3CCA /* CDVAccelerometer.m in Sources */ = {isa = PBXBuildFile; fileRef = 844600BBA3D444F89DBCA331 /* CDVAccelerometer.m */; };
		A46E994B5F1F4947A20A2D20 /* AudioToolbox.framework in Frameworks */ = {isa = PBXBuildFile; fileRef = 12E3118E97894B96AB7739AE /* AudioToolbox.framework */; settings = {ATTRIBUTES = (Weak, ); }; };
		A48E77D27BED45B2A7A572EB /* CoreMotion.framework in Frameworks */ = {isa = PBXBuildFile; fileRef = 4462286B195B47E2970C8BCC /* CoreMotion.framework */; };
		B420ADB455164F84816F3E4A /* CoreTelephony.framework in Frameworks */ = {isa = PBXBuildFile; fileRef = D651A2E378BF4C4EA837AE52 /* CoreTelephony.framework */; };
		C3321863759440F0A6D2D975 /* CDVFile.m in Sources */ = {isa = PBXBuildFile; fileRef = D7AC8CC8897144A2A4A086C2 /* CDVFile.m */; };
		CC7BA22FA7B94BA5953BDACE /* CDVCapture.bundle in Resources */ = {isa = PBXBuildFile; fileRef = 0C0BF0EF8D2B4DB7A4363CB4 /* CDVCapture.bundle */; };
		CD03F6058CCA414FBA6D5572 /* CDVAssetLibraryFilesystem.m in Sources */ = {isa = PBXBuildFile; fileRef = 4CE599F347644EA5937C945B /* CDVAssetLibraryFilesystem.m */; };
		CEBD4D2F65D34AD78DAFBEA7 /* CDVContacts.m in Sources */ = {isa = PBXBuildFile; fileRef = D9544255616E497DA19A4FCD /* CDVContacts.m */; };
		D45722370E3A4658B84C44DF /* CDVNotification.bundle in Resources */ = {isa = PBXBuildFile; fileRef = CBC9D44A48CD4C0491C9E60A /* CDVNotification.bundle */; };
		DF311EFB1390475CADD91BB4 /* CDVDevice.m in Sources */ = {isa = PBXBuildFile; fileRef = E36D0606D95B434C8A52A9F2 /* CDVDevice.m */; };
		E1C298FD7A4B47768EE72A28 /* CDVConnection.m in Sources */ = {isa = PBXBuildFile; fileRef = 7E4418B8EA9245EA90FBD875 /* CDVConnection.m */; };
		E36CD0FD26E643AF9EA324D3 /* CDVContact.m in Sources */ = {isa = PBXBuildFile; fileRef = 15B9299975A04373A61336AC /* CDVContact.m */; };
		FE6BD8287F64439E8B07B0F9 /* CDVGlobalization.m in Sources */ = {isa = PBXBuildFile; fileRef = 5CD1633A4E3A4AE493C65770 /* CDVGlobalization.m */; };
		FEA3B36136F04646B7181E13 /* AddressBookUI.framework in Frameworks */ = {isa = PBXBuildFile; fileRef = FF28CBD175834F7C82F73F3F /* AddressBookUI.framework */; settings = {ATTRIBUTES = (Weak, ); }; };
/* End PBXBuildFile section */

/* Begin PBXContainerItemProxy section */
		301BF534109A57CC0062928A /* PBXContainerItemProxy */ = {
			isa = PBXContainerItemProxy;
			containerPortal = 301BF52D109A57CC0062928A /* CordovaLib.xcodeproj */;
			proxyType = 2;
			remoteGlobalIDString = D2AAC07E0554694100DB518D;
			remoteInfo = CordovaLib;
		};
		301BF550109A68C00062928A /* PBXContainerItemProxy */ = {
			isa = PBXContainerItemProxy;
			containerPortal = 301BF52D109A57CC0062928A /* CordovaLib.xcodeproj */;
			proxyType = 1;
			remoteGlobalIDString = D2AAC07D0554694100DB518D;
			remoteInfo = CordovaLib;
		};
/* End PBXContainerItemProxy section */

/* Begin PBXFileReference section */
		0207DA571B56EA530066E2B4 /* Images.xcassets */ = {isa = PBXFileReference; lastKnownFileType = folder.assetcatalog; name = Images.xcassets; path = "Grade Calculator/Images.xcassets"; sourceTree = SOURCE_ROOT; };
		02C66669CA3A4D1AB8D939E3 /* SystemConfiguration.framework */ = {isa = PBXFileReference; explicitFileType = undefined; fileEncoding = 9; includeInIndex = 0; lastKnownFileType = wrapper.framework; name = SystemConfiguration.framework; path = System/Library/Frameworks/SystemConfiguration.framework; sourceTree = SDKROOT; };
		06BF7B693F674A2F9ED5A562 /* CDVViewController+SplashScreen.m */ = {isa = PBXFileReference; explicitFileType = undefined; fileEncoding = 4; includeInIndex = 0; lastKnownFileType = sourcecode.c.objc; name = "CDVViewController+SplashScreen.m"; path = "cordova-plugin-splashscreen/CDVViewController+SplashScreen.m"; sourceTree = "<group>"; };
		0964F0BA2A7E4A7AAD2DFA63 /* CDVVibration.m */ = {isa = PBXFileReference; explicitFileType = undefined; fileEncoding = 4; includeInIndex = 0; lastKnownFileType = sourcecode.c.objc; name = CDVVibration.m; path = "cordova-plugin-vibration/CDVVibration.m"; sourceTree = "<group>"; };
		0B77CA8405664BD29D524C9A /* UIImage+CropScaleOrientation.h */ = {isa = PBXFileReference; explicitFileType = undefined; fileEncoding = 4; includeInIndex = 0; lastKnownFileType = sourcecode.c.h; name = "UIImage+CropScaleOrientation.h"; path = "cordova-plugin-camera/UIImage+CropScaleOrientation.h"; sourceTree = "<group>"; };
		0C0BF0EF8D2B4DB7A4363CB4 /* CDVCapture.bundle */ = {isa = PBXFileReference; explicitFileType = undefined; fileEncoding = 9; includeInIndex = 0; lastKnownFileType = "wrapper.plug-in"; path = CDVCapture.bundle; sourceTree = "<group>"; };
		114584AB830C440F9740C4E5 /* CDVCapture.h */ = {isa = PBXFileReference; explicitFileType = undefined; fileEncoding = 4; includeInIndex = 0; lastKnownFileType = sourcecode.c.h; name = CDVCapture.h; path = "cordova-plugin-media-capture/CDVCapture.h"; sourceTree = "<group>"; };
		12E3118E97894B96AB7739AE /* AudioToolbox.framework */ = {isa = PBXFileReference; explicitFileType = undefined; fileEncoding = 9; includeInIndex = 0; lastKnownFileType = wrapper.framework; name = AudioToolbox.framework; path = System/Library/Frameworks/AudioToolbox.framework; sourceTree = SDKROOT; };
		15B9299975A04373A61336AC /* CDVContact.m */ = {isa = PBXFileReference; explicitFileType = undefined; fileEncoding = 4; includeInIndex = 0; lastKnownFileType = sourcecode.c.objc; name = CDVContact.m; path = "cordova-plugin-contacts/CDVContact.m"; sourceTree = "<group>"; };
		19835542DD794EB9A436260B /* UIImage+CropScaleOrientation.m */ = {isa = PBXFileReference; explicitFileType = undefined; fileEncoding = 4; includeInIndex = 0; lastKnownFileType = sourcecode.c.objc; name = "UIImage+CropScaleOrientation.m"; path = "cordova-plugin-camera/UIImage+CropScaleOrientation.m"; sourceTree = "<group>"; };
		1C744CAEC0154793BC3FFA92 /* CoreLocation.framework */ = {isa = PBXFileReference; explicitFileType = undefined; fileEncoding = 9; includeInIndex = 0; lastKnownFileType = wrapper.framework; name = CoreLocation.framework; path = System/Library/Frameworks/CoreLocation.framework; sourceTree = SDKROOT; };
		1D3623240D0F684500981E51 /* AppDelegate.h */ = {isa = PBXFileReference; fileEncoding = 4; lastKnownFileType = sourcecode.c.h; path = AppDelegate.h; sourceTree = "<group>"; };
		1D3623250D0F684500981E51 /* AppDelegate.m */ = {isa = PBXFileReference; fileEncoding = 4; lastKnownFileType = sourcecode.c.objc; path = AppDelegate.m; sourceTree = "<group>"; };
		1D6058910D05DD3D006BFB54 /* Grade Calculator.app */ = {isa = PBXFileReference; explicitFileType = wrapper.application; includeInIndex = 0; path = "Grade Calculator.app"; sourceTree = BUILT_PRODUCTS_DIR; };
		20BB41787754475993BE811A /* CDVFileTransfer.m */ = {isa = PBXFileReference; explicitFileType = undefined; fileEncoding = 4; includeInIndex = 0; lastKnownFileType = sourcecode.c.objc; name = CDVFileTransfer.m; path = "cordova-plugin-file-transfer/CDVFileTransfer.m"; sourceTree = "<group>"; };
		2522B16A988D449685C29A47 /* CDVInAppBrowser.h */ = {isa = PBXFileReference; explicitFileType = undefined; fileEncoding = 4; includeInIndex = 0; lastKnownFileType = sourcecode.c.h; name = CDVInAppBrowser.h; path = "cordova-plugin-inappbrowser/CDVInAppBrowser.h"; sourceTree = "<group>"; };
		25A8F6627C2C47F981E7B692 /* CDVVibration.h */ = {isa = PBXFileReference; explicitFileType = undefined; fileEncoding = 4; includeInIndex = 0; lastKnownFileType = sourcecode.c.h; name = CDVVibration.h; path = "cordova-plugin-vibration/CDVVibration.h"; sourceTree = "<group>"; };
		29B97316FDCFA39411CA2CEA /* main.m */ = {isa = PBXFileReference; fileEncoding = 4; lastKnownFileType = sourcecode.c.objc; path = main.m; sourceTree = "<group>"; };
		301BF52D109A57CC0062928A /* CordovaLib.xcodeproj */ = {isa = PBXFileReference; lastKnownFileType = "wrapper.pb-project"; name = CordovaLib.xcodeproj; path = CordovaLib/CordovaLib.xcodeproj; sourceTree = "<group>"; };
		301BF56E109A69640062928A /* www */ = {isa = PBXFileReference; lastKnownFileType = folder; path = www; sourceTree = SOURCE_ROOT; };
		302D95EE14D2391D003F00A1 /* MainViewController.h */ = {isa = PBXFileReference; fileEncoding = 4; lastKnownFileType = sourcecode.c.h; path = MainViewController.h; sourceTree = "<group>"; };
		302D95EF14D2391D003F00A1 /* MainViewController.m */ = {isa = PBXFileReference; fileEncoding = 4; lastKnownFileType = sourcecode.c.objc; path = MainViewController.m; sourceTree = "<group>"; };
		302D95F014D2391D003F00A1 /* MainViewController.xib */ = {isa = PBXFileReference; fileEncoding = 4; lastKnownFileType = file.xib; path = MainViewController.xib; sourceTree = "<group>"; };
		3047A50F1AB8059700498E2A /* build-debug.xcconfig */ = {isa = PBXFileReference; fileEncoding = 4; lastKnownFileType = text.xcconfig; name = "build-debug.xcconfig"; path = "cordova/build-debug.xcconfig"; sourceTree = SOURCE_ROOT; };
		3047A5101AB8059700498E2A /* build-release.xcconfig */ = {isa = PBXFileReference; fileEncoding = 4; lastKnownFileType = text.xcconfig; name = "build-release.xcconfig"; path = "cordova/build-release.xcconfig"; sourceTree = SOURCE_ROOT; };
		3047A5111AB8059700498E2A /* build.xcconfig */ = {isa = PBXFileReference; fileEncoding = 4; lastKnownFileType = text.xcconfig; name = build.xcconfig; path = cordova/build.xcconfig; sourceTree = SOURCE_ROOT; };
		31931C93703D4484AB0508FD /* CDVNotification.h */ = {isa = PBXFileReference; explicitFileType = undefined; fileEncoding = 4; includeInIndex = 0; lastKnownFileType = sourcecode.c.h; name = CDVNotification.h; path = "cordova-plugin-dialogs/CDVNotification.h"; sourceTree = "<group>"; };
		32CA4F630368D1EE00C91783 /* Grade Calculator-Prefix.pch */ = {isa = PBXFileReference; fileEncoding = 4; lastKnownFileType = sourcecode.c.h; path = "Grade Calculator-Prefix.pch"; sourceTree = "<group>"; };
		36CE97FBA2F74BEE98AB3512 /* CDVStatusBar.h */ = {isa = PBXFileReference; explicitFileType = undefined; fileEncoding = 4; includeInIndex = 0; lastKnownFileType = sourcecode.c.h; name = CDVStatusBar.h; path = "cordova-plugin-statusbar/CDVStatusBar.h"; sourceTree = "<group>"; };
		377D6CB6DCFD4A2AB53CCF97 /* CDVFileTransfer.h */ = {isa = PBXFileReference; explicitFileType = undefined; fileEncoding = 4; includeInIndex = 0; lastKnownFileType = sourcecode.c.h; name = CDVFileTransfer.h; path = "cordova-plugin-file-transfer/CDVFileTransfer.h"; sourceTree = "<group>"; };
		382792AA03644F16B6F2666B /* CDVBattery.h */ = {isa = PBXFileReference; explicitFileType = undefined; fileEncoding = 4; includeInIndex = 0; lastKnownFileType = sourcecode.c.h; name = CDVBattery.h; path = "cordova-plugin-battery-status/CDVBattery.h"; sourceTree = "<group>"; };
		3C4051A3572B43E39E80B503 /* AddressBook.framework */ = {isa = PBXFileReference; explicitFileType = undefined; fileEncoding = 9; includeInIndex = 0; lastKnownFileType = wrapper.framework; name = AddressBook.framework; path = System/Library/Frameworks/AddressBook.framework; sourceTree = SDKROOT; };
		444BE2AD369C450E81AC5833 /* CDVContacts.h */ = {isa = PBXFileReference; explicitFileType = undefined; fileEncoding = 4; includeInIndex = 0; lastKnownFileType = sourcecode.c.h; name = CDVContacts.h; path = "cordova-plugin-contacts/CDVContacts.h"; sourceTree = "<group>"; };
		4462286B195B47E2970C8BCC /* CoreMotion.framework */ = {isa = PBXFileReference; explicitFileType = undefined; fileEncoding = 9; includeInIndex = 0; lastKnownFileType = wrapper.framework; name = CoreMotion.framework; path = System/Library/Frameworks/CoreMotion.framework; sourceTree = SDKROOT; };
		4496715DEFC44AC7B6C96927 /* CDVAccelerometer.h */ = {isa = PBXFileReference; explicitFileType = undefined; fileEncoding = 4; includeInIndex = 0; lastKnownFileType = sourcecode.c.h; name = CDVAccelerometer.h; path = "cordova-plugin-device-motion/CDVAccelerometer.h"; sourceTree = "<group>"; };
		47CC021E778447E4994866A3 /* CDVExif.h */ = {isa = PBXFileReference; explicitFileType = undefined; fileEncoding = 4; includeInIndex = 0; lastKnownFileType = sourcecode.c.h; name = CDVExif.h; path = "cordova-plugin-camera/CDVExif.h"; sourceTree = "<group>"; };
		49EAA320A971419AA0B1438A /* CDVReachability.h */ = {isa = PBXFileReference; explicitFileType = undefined; fileEncoding = 4; includeInIndex = 0; lastKnownFileType = sourcecode.c.h; name = CDVReachability.h; path = "cordova-plugin-network-information/CDVReachability.h"; sourceTree = "<group>"; };
		4B95274DF8CC4464884A6565 /* CDVCapture.m */ = {isa = PBXFileReference; explicitFileType = undefined; fileEncoding = 4; includeInIndex = 0; lastKnownFileType = sourcecode.c.objc; name = CDVCapture.m; path = "cordova-plugin-media-capture/CDVCapture.m"; sourceTree = "<group>"; };
		4C03044CA2E94D84ACC50CB5 /* CDVNotification.m */ = {isa = PBXFileReference; explicitFileType = undefined; fileEncoding = 4; includeInIndex = 0; lastKnownFileType = sourcecode.c.objc; name = CDVNotification.m; path = "cordova-plugin-dialogs/CDVNotification.m"; sourceTree = "<group>"; };
		4C2FD6F022B34C2193C61339 /* CDVCompass.m */ = {isa = PBXFileReference; explicitFileType = undefined; fileEncoding = 4; includeInIndex = 0; lastKnownFileType = sourcecode.c.objc; name = CDVCompass.m; path = "cordova-plugin-device-orientation/CDVCompass.m"; sourceTree = "<group>"; };
		4CE599F347644EA5937C945B /* CDVAssetLibraryFilesystem.m */ = {isa = PBXFileReference; explicitFileType = undefined; fileEncoding = 4; includeInIndex = 0; lastKnownFileType = sourcecode.c.objc; name = CDVAssetLibraryFilesystem.m; path = "cordova-plugin-file/CDVAssetLibraryFilesystem.m"; sourceTree = "<group>"; };
		4D3A3CF25F104BD5A547CF99 /* CDVSplashScreen.m */ = {isa = PBXFileReference; explicitFileType = undefined; fileEncoding = 4; includeInIndex = 0; lastKnownFileType = sourcecode.c.objc; name = CDVSplashScreen.m; path = "cordova-plugin-splashscreen/CDVSplashScreen.m"; sourceTree = "<group>"; };
		567E23F49C75498BAE219C08 /* AVFoundation.framework */ = {isa = PBXFileReference; explicitFileType = undefined; fileEncoding = 9; includeInIndex = 0; lastKnownFileType = wrapper.framework; name = AVFoundation.framework; path = System/Library/Frameworks/AVFoundation.framework; sourceTree = SDKROOT; };
		5CD1633A4E3A4AE493C65770 /* CDVGlobalization.m */ = {isa = PBXFileReference; explicitFileType = undefined; fileEncoding = 4; includeInIndex = 0; lastKnownFileType = sourcecode.c.objc; name = CDVGlobalization.m; path = "cordova-plugin-globalization/CDVGlobalization.m"; sourceTree = "<group>"; };
		61417C6D3AAF4E7C9A521244 /* CDVJpegHeaderWriter.h */ = {isa = PBXFileReference; explicitFileType = undefined; fileEncoding = 4; includeInIndex = 0; lastKnownFileType = sourcecode.c.h; name = CDVJpegHeaderWriter.h; path = "cordova-plugin-camera/CDVJpegHeaderWriter.h"; sourceTree = "<group>"; };
		678B270DA88A4AEF9624BBF3 /* CDVGlobalization.h */ = {isa = PBXFileReference; explicitFileType = undefined; fileEncoding = 4; includeInIndex = 0; lastKnownFileType = sourcecode.c.h; name = CDVGlobalization.h; path = "cordova-plugin-globalization/CDVGlobalization.h"; sourceTree = "<group>"; };
		68BA916858B446C7B38CF824 /* CDVReachability.m */ = {isa = PBXFileReference; explicitFileType = undefined; fileEncoding = 4; includeInIndex = 0; lastKnownFileType = sourcecode.c.objc; name = CDVReachability.m; path = "cordova-plugin-network-information/CDVReachability.m"; sourceTree = "<group>"; };
		6B20BD67E6C24BA7A526F143 /* CDVViewController+SplashScreen.h */ = {isa = PBXFileReference; explicitFileType = undefined; fileEncoding = 4; includeInIndex = 0; lastKnownFileType = sourcecode.c.h; name = "CDVViewController+SplashScreen.h"; path = "cordova-plugin-splashscreen/CDVViewController+SplashScreen.h"; sourceTree = "<group>"; };
		71F856D2984F47538E8AA04E /* CDVAssetLibraryFilesystem.h */ = {isa = PBXFileReference; explicitFileType = undefined; fileEncoding = 4; includeInIndex = 0; lastKnownFileType = sourcecode.c.h; name = CDVAssetLibraryFilesystem.h; path = "cordova-plugin-file/CDVAssetLibraryFilesystem.h"; sourceTree = "<group>"; };
		7E4418B8EA9245EA90FBD875 /* CDVConnection.m */ = {isa = PBXFileReference; explicitFileType = undefined; fileEncoding = 4; includeInIndex = 0; lastKnownFileType = sourcecode.c.objc; name = CDVConnection.m; path = "cordova-plugin-network-information/CDVConnection.m"; sourceTree = "<group>"; };
		7F0CEE51180F40E2A4F478A4 /* CDVCamera.h */ = {isa = PBXFileReference; explicitFileType = undefined; fileEncoding = 4; includeInIndex = 0; lastKnownFileType = sourcecode.c.h; name = CDVCamera.h; path = "cordova-plugin-camera/CDVCamera.h"; sourceTree = "<group>"; };
		844600BBA3D444F89DBCA331 /* CDVAccelerometer.m */ = {isa = PBXFileReference; explicitFileType = undefined; fileEncoding = 4; includeInIndex = 0; lastKnownFileType = sourcecode.c.objc; name = CDVAccelerometer.m; path = "cordova-plugin-device-motion/CDVAccelerometer.m"; sourceTree = "<group>"; };
		8D1107310486CEB800E47090 /* Grade Calculator-Info.plist */ = {isa = PBXFileReference; fileEncoding = 4; lastKnownFileType = text.plist.xml; name = "Grade Calculator-Info.plist"; path = "Grade Calculator/Grade Calculator-Info.plist"; plistStructureDefinitionIdentifier = "com.apple.xcode.plist.structure-definition.iphone.info-plist"; sourceTree = SOURCE_ROOT; };
		8F3683F2578B40A680825841 /* CDVFile.h */ = {isa = PBXFileReference; explicitFileType = undefined; fileEncoding = 4; includeInIndex = 0; lastKnownFileType = sourcecode.c.h; name = CDVFile.h; path = "cordova-plugin-file/CDVFile.h"; sourceTree = "<group>"; };
		936333FC395749048A7C6623 /* CDVLocalFilesystem.m */ = {isa = PBXFileReference; explicitFileType = undefined; fileEncoding = 4; includeInIndex = 0; lastKnownFileType = sourcecode.c.objc; name = CDVLocalFilesystem.m; path = "cordova-plugin-file/CDVLocalFilesystem.m"; sourceTree = "<group>"; };
		9A8EAD03538948BAB826736C /* CDVSound.h */ = {isa = PBXFileReference; explicitFileType = undefined; fileEncoding = 4; includeInIndex = 0; lastKnownFileType = sourcecode.c.h; name = CDVSound.h; path = "cordova-plugin-media/CDVSound.h"; sourceTree = "<group>"; };
		9EE9A1C33F75422D9190AE3A /* CDVLogger.m */ = {isa = PBXFileReference; explicitFileType = undefined; fileEncoding = 4; includeInIndex = 0; lastKnownFileType = sourcecode.c.objc; name = CDVLogger.m; path = "cordova-plugin-console/CDVLogger.m"; sourceTree = "<group>"; };
		A12F1DEED8C74F3BA4456AA7 /* CDVSplashScreen.h */ = {isa = PBXFileReference; explicitFileType = undefined; fileEncoding = 4; includeInIndex = 0; lastKnownFileType = sourcecode.c.h; name = CDVSplashScreen.h; path = "cordova-plugin-splashscreen/CDVSplashScreen.h"; sourceTree = "<group>"; };
		AB52669D9571446F946B37DF /* CDVLocation.m */ = {isa = PBXFileReference; explicitFileType = undefined; fileEncoding = 4; includeInIndex = 0; lastKnownFileType = sourcecode.c.objc; name = CDVLocation.m; path = "cordova-plugin-geolocation/CDVLocation.m"; sourceTree = "<group>"; };
		B17FD0F9DB1D4C3289E43140 /* CDVCompass.h */ = {isa = PBXFileReference; explicitFileType = undefined; fileEncoding = 4; includeInIndex = 0; lastKnownFileType = sourcecode.c.h; name = CDVCompass.h; path = "cordova-plugin-device-orientation/CDVCompass.h"; sourceTree = "<group>"; };
		B4B5934516D5403BB188EACE /* CDVBattery.m */ = {isa = PBXFileReference; explicitFileType = undefined; fileEncoding = 4; includeInIndex = 0; lastKnownFileType = sourcecode.c.objc; name = CDVBattery.m; path = "cordova-plugin-battery-status/CDVBattery.m"; sourceTree = "<group>"; };
		B677C2C14C95474F83A58F05 /* CDVLogger.h */ = {isa = PBXFileReference; explicitFileType = undefined; fileEncoding = 4; includeInIndex = 0; lastKnownFileType = sourcecode.c.h; name = CDVLogger.h; path = "cordova-plugin-console/CDVLogger.h"; sourceTree = "<group>"; };
		BBF029BB4D92494BB8FDA22D /* CDVInAppBrowser.m */ = {isa = PBXFileReference; explicitFileType = undefined; fileEncoding = 4; includeInIndex = 0; lastKnownFileType = sourcecode.c.objc; name = CDVInAppBrowser.m; path = "cordova-plugin-inappbrowser/CDVInAppBrowser.m"; sourceTree = "<group>"; };
		BDABA91A783F4FEF83F2E1D3 /* CDVContact.h */ = {isa = PBXFileReference; explicitFileType = undefined; fileEncoding = 4; includeInIndex = 0; lastKnownFileType = sourcecode.c.h; name = CDVContact.h; path = "cordova-plugin-contacts/CDVContact.h"; sourceTree = "<group>"; };
		C83C277A4F3A4F8D9704DE0F /* CDVJpegHeaderWriter.m */ = {isa = PBXFileReference; explicitFileType = undefined; fileEncoding = 4; includeInIndex = 0; lastKnownFileType = sourcecode.c.objc; name = CDVJpegHeaderWriter.m; path = "cordova-plugin-camera/CDVJpegHeaderWriter.m"; sourceTree = "<group>"; };
		CACFF087E43442D684451805 /* ImageIO.framework */ = {isa = PBXFileReference; explicitFileType = undefined; fileEncoding = 9; includeInIndex = 0; lastKnownFileType = wrapper.framework; name = ImageIO.framework; path = System/Library/Frameworks/ImageIO.framework; sourceTree = SDKROOT; };
		CBC9D44A48CD4C0491C9E60A /* CDVNotification.bundle */ = {isa = PBXFileReference; explicitFileType = undefined; fileEncoding = 9; includeInIndex = 0; lastKnownFileType = "wrapper.plug-in"; path = CDVNotification.bundle; sourceTree = "<group>"; };
		CEA124DCFA0B4A4192DD6F9B /* CDVCamera.m */ = {isa = PBXFileReference; explicitFileType = undefined; fileEncoding = 4; includeInIndex = 0; lastKnownFileType = sourcecode.c.objc; name = CDVCamera.m; path = "cordova-plugin-camera/CDVCamera.m"; sourceTree = "<group>"; };
		D0BCA319FC7547DB9827A61A /* CDVLocation.h */ = {isa = PBXFileReference; explicitFileType = undefined; fileEncoding = 4; includeInIndex = 0; lastKnownFileType = sourcecode.c.h; name = CDVLocation.h; path = "cordova-plugin-geolocation/CDVLocation.h"; sourceTree = "<group>"; };
		D2F60D1515D8420DAF9F6D83 /* CDVDevice.h */ = {isa = PBXFileReference; explicitFileType = undefined; fileEncoding = 4; includeInIndex = 0; lastKnownFileType = sourcecode.c.h; name = CDVDevice.h; path = "cordova-plugin-device/CDVDevice.h"; sourceTree = "<group>"; };
		D651A2E378BF4C4EA837AE52 /* CoreTelephony.framework */ = {isa = PBXFileReference; explicitFileType = undefined; fileEncoding = 9; includeInIndex = 0; lastKnownFileType = wrapper.framework; name = CoreTelephony.framework; path = System/Library/Frameworks/CoreTelephony.framework; sourceTree = SDKROOT; };
		D7AC8CC8897144A2A4A086C2 /* CDVFile.m */ = {isa = PBXFileReference; explicitFileType = undefined; fileEncoding = 4; includeInIndex = 0; lastKnownFileType = sourcecode.c.objc; name = CDVFile.m; path = "cordova-plugin-file/CDVFile.m"; sourceTree = "<group>"; };
		D88C66627A994B4ABF2DF657 /* CDVLocalFilesystem.h */ = {isa = PBXFileReference; explicitFileType = undefined; fileEncoding = 4; includeInIndex = 0; lastKnownFileType = sourcecode.c.h; name = CDVLocalFilesystem.h; path = "cordova-plugin-file/CDVLocalFilesystem.h"; sourceTree = "<group>"; };
		D9544255616E497DA19A4FCD /* CDVContacts.m */ = {isa = PBXFileReference; explicitFileType = undefined; fileEncoding = 4; includeInIndex = 0; lastKnownFileType = sourcecode.c.objc; name = CDVContacts.m; path = "cordova-plugin-contacts/CDVContacts.m"; sourceTree = "<group>"; };
		E36D0606D95B434C8A52A9F2 /* CDVDevice.m */ = {isa = PBXFileReference; explicitFileType = undefined; fileEncoding = 4; includeInIndex = 0; lastKnownFileType = sourcecode.c.objc; name = CDVDevice.m; path = "cordova-plugin-device/CDVDevice.m"; sourceTree = "<group>"; };
		E4C914958B4D424A8CF85AE4 /* CDVSound.m */ = {isa = PBXFileReference; explicitFileType = undefined; fileEncoding = 4; includeInIndex = 0; lastKnownFileType = sourcecode.c.objc; name = CDVSound.m; path = "cordova-plugin-media/CDVSound.m"; sourceTree = "<group>"; };
		EB87FDF31871DA8E0020F90C /* www */ = {isa = PBXFileReference; lastKnownFileType = folder; name = www; path = ../../www; sourceTree = "<group>"; };
		EB87FDF41871DAF40020F90C /* config.xml */ = {isa = PBXFileReference; lastKnownFileType = text.xml; name = config.xml; path = ../../config.xml; sourceTree = "<group>"; };
		ED33DF2A687741AEAF9F8254 /* Bridging-Header.h */ = {isa = PBXFileReference; fileEncoding = 4; lastKnownFileType = sourcecode.c.h; path = "Bridging-Header.h"; sourceTree = "<group>"; };
		F328BB6478204DB1A3712347 /* CDVStatusBar.m */ = {isa = PBXFileReference; explicitFileType = undefined; fileEncoding = 4; includeInIndex = 0; lastKnownFileType = sourcecode.c.objc; name = CDVStatusBar.m; path = "cordova-plugin-statusbar/CDVStatusBar.m"; sourceTree = "<group>"; };
		F840E1F0165FE0F500CFE078 /* config.xml */ = {isa = PBXFileReference; lastKnownFileType = text.xml; name = config.xml; path = "Grade Calculator/config.xml"; sourceTree = "<group>"; };
		FE8E7C22B19A499CB2CC494B /* CDVConnection.h */ = {isa = PBXFileReference; explicitFileType = undefined; fileEncoding = 4; includeInIndex = 0; lastKnownFileType = sourcecode.c.h; name = CDVConnection.h; path = "cordova-plugin-network-information/CDVConnection.h"; sourceTree = "<group>"; };
		FF28CBD175834F7C82F73F3F /* AddressBookUI.framework */ = {isa = PBXFileReference; explicitFileType = undefined; fileEncoding = 9; includeInIndex = 0; lastKnownFileType = wrapper.framework; name = AddressBookUI.framework; path = System/Library/Frameworks/AddressBookUI.framework; sourceTree = SDKROOT; };
/* End PBXFileReference section */

/* Begin PBXFrameworksBuildPhase section */
		1D60588F0D05DD3D006BFB54 /* Frameworks */ = {
			isa = PBXFrameworksBuildPhase;
			buildActionMask = 2147483647;
			files = (
				301BF552109A68D80062928A /* libCordova.a in Frameworks */,
				312D587138E04F17AC941CB7 /* ImageIO.framework in Frameworks */,
				5F3B4D5774E94F99920F039F /* CoreLocation.framework in Frameworks */,
				6985BBEA8394450280F4C841 /* AVFoundation.framework in Frameworks */,
				17C0FFFD7FB74E8EA3312001 /* AddressBook.framework in Frameworks */,
				FEA3B36136F04646B7181E13 /* AddressBookUI.framework in Frameworks */,
				A48E77D27BED45B2A7A572EB /* CoreMotion.framework in Frameworks */,
				A46E994B5F1F4947A20A2D20 /* AudioToolbox.framework in Frameworks */,
				912FE3AEB5C540B8959FD78E /* SystemConfiguration.framework in Frameworks */,
				B420ADB455164F84816F3E4A /* CoreTelephony.framework in Frameworks */,
			);
			runOnlyForDeploymentPostprocessing = 0;
		};
/* End PBXFrameworksBuildPhase section */

/* Begin PBXGroup section */
		080E96DDFE201D6D7F000001 /* Classes */ = {
			isa = PBXGroup;
			children = (
				302D95EE14D2391D003F00A1 /* MainViewController.h */,
				302D95EF14D2391D003F00A1 /* MainViewController.m */,
				302D95F014D2391D003F00A1 /* MainViewController.xib */,
				1D3623240D0F684500981E51 /* AppDelegate.h */,
				1D3623250D0F684500981E51 /* AppDelegate.m */,
			);
			name = Classes;
			path = "Grade Calculator/Classes";
			sourceTree = SOURCE_ROOT;
		};
		19C28FACFE9D520D11CA2CBB /* Products */ = {
			isa = PBXGroup;
			children = (
				1D6058910D05DD3D006BFB54 /* Grade Calculator.app */,
			);
			name = Products;
			sourceTree = "<group>";
		};
		29B97314FDCFA39411CA2CEA /* CustomTemplate */ = {
			isa = PBXGroup;
			children = (
				EB87FDF41871DAF40020F90C /* config.xml */,
				EB87FDF31871DA8E0020F90C /* www */,
				EB87FDF11871DA420020F90C /* Staging */,
				301BF52D109A57CC0062928A /* CordovaLib.xcodeproj */,
				080E96DDFE201D6D7F000001 /* Classes */,
				307C750510C5A3420062BCA9 /* Plugins */,
				29B97315FDCFA39411CA2CEA /* Other Sources */,
				29B97317FDCFA39411CA2CEA /* Resources */,
				29B97323FDCFA39411CA2CEA /* Frameworks */,
				19C28FACFE9D520D11CA2CBB /* Products */,
			);
			name = CustomTemplate;
			sourceTree = "<group>";
		};
		29B97315FDCFA39411CA2CEA /* Other Sources */ = {
			isa = PBXGroup;
			children = (
				32CA4F630368D1EE00C91783 /* Grade Calculator-Prefix.pch */,
				29B97316FDCFA39411CA2CEA /* main.m */,
				ED33DF2A687741AEAF9F8254 /* Bridging-Header.h */,
			);
			name = "Other Sources";
			path = "Grade Calculator";
			sourceTree = "<group>";
		};
		29B97317FDCFA39411CA2CEA /* Resources */ = {
			isa = PBXGroup;
			children = (
				0207DA571B56EA530066E2B4 /* Images.xcassets */,
				3047A50E1AB8057F00498E2A /* config */,
				8D1107310486CEB800E47090 /* Grade Calculator-Info.plist */,
				0C0BF0EF8D2B4DB7A4363CB4 /* CDVCapture.bundle */,
				CBC9D44A48CD4C0491C9E60A /* CDVNotification.bundle */,
			);
			name = Resources;
			path = "Grade Calculator/Resources";
			sourceTree = "<group>";
		};
		29B97323FDCFA39411CA2CEA /* Frameworks */ = {
			isa = PBXGroup;
			children = (
				CACFF087E43442D684451805 /* ImageIO.framework */,
				1C744CAEC0154793BC3FFA92 /* CoreLocation.framework */,
				567E23F49C75498BAE219C08 /* AVFoundation.framework */,
				3C4051A3572B43E39E80B503 /* AddressBook.framework */,
				FF28CBD175834F7C82F73F3F /* AddressBookUI.framework */,
				4462286B195B47E2970C8BCC /* CoreMotion.framework */,
				12E3118E97894B96AB7739AE /* AudioToolbox.framework */,
				02C66669CA3A4D1AB8D939E3 /* SystemConfiguration.framework */,
				D651A2E378BF4C4EA837AE52 /* CoreTelephony.framework */,
			);
			name = Frameworks;
			sourceTree = "<group>";
		};
		301BF52E109A57CC0062928A /* Products */ = {
			isa = PBXGroup;
			children = (
				301BF535109A57CC0062928A /* libCordova.a */,
			);
			name = Products;
			sourceTree = "<group>";
		};
		3047A50E1AB8057F00498E2A /* config */ = {
			isa = PBXGroup;
			children = (
				3047A50F1AB8059700498E2A /* build-debug.xcconfig */,
				3047A5101AB8059700498E2A /* build-release.xcconfig */,
				3047A5111AB8059700498E2A /* build.xcconfig */,
			);
			name = config;
			sourceTree = "<group>";
		};
		307C750510C5A3420062BCA9 /* Plugins */ = {
			isa = PBXGroup;
			children = (
				B4B5934516D5403BB188EACE /* CDVBattery.m */,
				382792AA03644F16B6F2666B /* CDVBattery.h */,
				19835542DD794EB9A436260B /* UIImage+CropScaleOrientation.m */,
				CEA124DCFA0B4A4192DD6F9B /* CDVCamera.m */,
				C83C277A4F3A4F8D9704DE0F /* CDVJpegHeaderWriter.m */,
				0B77CA8405664BD29D524C9A /* UIImage+CropScaleOrientation.h */,
				7F0CEE51180F40E2A4F478A4 /* CDVCamera.h */,
				61417C6D3AAF4E7C9A521244 /* CDVJpegHeaderWriter.h */,
				47CC021E778447E4994866A3 /* CDVExif.h */,
				D7AC8CC8897144A2A4A086C2 /* CDVFile.m */,
				936333FC395749048A7C6623 /* CDVLocalFilesystem.m */,
				4CE599F347644EA5937C945B /* CDVAssetLibraryFilesystem.m */,
				8F3683F2578B40A680825841 /* CDVFile.h */,
				D88C66627A994B4ABF2DF657 /* CDVLocalFilesystem.h */,
				71F856D2984F47538E8AA04E /* CDVAssetLibraryFilesystem.h */,
				4B95274DF8CC4464884A6565 /* CDVCapture.m */,
				114584AB830C440F9740C4E5 /* CDVCapture.h */,
				9EE9A1C33F75422D9190AE3A /* CDVLogger.m */,
				B677C2C14C95474F83A58F05 /* CDVLogger.h */,
				D9544255616E497DA19A4FCD /* CDVContacts.m */,
				15B9299975A04373A61336AC /* CDVContact.m */,
				444BE2AD369C450E81AC5833 /* CDVContacts.h */,
				BDABA91A783F4FEF83F2E1D3 /* CDVContact.h */,
				E36D0606D95B434C8A52A9F2 /* CDVDevice.m */,
				D2F60D1515D8420DAF9F6D83 /* CDVDevice.h */,
				844600BBA3D444F89DBCA331 /* CDVAccelerometer.m */,
				4496715DEFC44AC7B6C96927 /* CDVAccelerometer.h */,
				4C2FD6F022B34C2193C61339 /* CDVCompass.m */,
				B17FD0F9DB1D4C3289E43140 /* CDVCompass.h */,
				4C03044CA2E94D84ACC50CB5 /* CDVNotification.m */,
				31931C93703D4484AB0508FD /* CDVNotification.h */,
				20BB41787754475993BE811A /* CDVFileTransfer.m */,
				377D6CB6DCFD4A2AB53CCF97 /* CDVFileTransfer.h */,
				AB52669D9571446F946B37DF /* CDVLocation.m */,
				D0BCA319FC7547DB9827A61A /* CDVLocation.h */,
				5CD1633A4E3A4AE493C65770 /* CDVGlobalization.m */,
				678B270DA88A4AEF9624BBF3 /* CDVGlobalization.h */,
				BBF029BB4D92494BB8FDA22D /* CDVInAppBrowser.m */,
				2522B16A988D449685C29A47 /* CDVInAppBrowser.h */,
				E4C914958B4D424A8CF85AE4 /* CDVSound.m */,
				9A8EAD03538948BAB826736C /* CDVSound.h */,
				7E4418B8EA9245EA90FBD875 /* CDVConnection.m */,
				68BA916858B446C7B38CF824 /* CDVReachability.m */,
				FE8E7C22B19A499CB2CC494B /* CDVConnection.h */,
				49EAA320A971419AA0B1438A /* CDVReachability.h */,
				4D3A3CF25F104BD5A547CF99 /* CDVSplashScreen.m */,
				06BF7B693F674A2F9ED5A562 /* CDVViewController+SplashScreen.m */,
				A12F1DEED8C74F3BA4456AA7 /* CDVSplashScreen.h */,
				6B20BD67E6C24BA7A526F143 /* CDVViewController+SplashScreen.h */,
				F328BB6478204DB1A3712347 /* CDVStatusBar.m */,
				36CE97FBA2F74BEE98AB3512 /* CDVStatusBar.h */,
				0964F0BA2A7E4A7AAD2DFA63 /* CDVVibration.m */,
				25A8F6627C2C47F981E7B692 /* CDVVibration.h */,
			);
			name = Plugins;
			path = "Grade Calculator/Plugins";
			sourceTree = SOURCE_ROOT;
		};
		EB87FDF11871DA420020F90C /* Staging */ = {
			isa = PBXGroup;
			children = (
				F840E1F0165FE0F500CFE078 /* config.xml */,
				301BF56E109A69640062928A /* www */,
			);
			name = Staging;
			sourceTree = "<group>";
		};
/* End PBXGroup section */

/* Begin PBXNativeTarget section */
		1D6058900D05DD3D006BFB54 /* Grade Calculator */ = {
			isa = PBXNativeTarget;
			buildConfigurationList = 1D6058960D05DD3E006BFB54 /* Build configuration list for PBXNativeTarget "Grade Calculator" */;
			buildPhases = (
				304B58A110DAC018002A0835 /* Copy www directory */,
				1D60588D0D05DD3D006BFB54 /* Resources */,
				1D60588E0D05DD3D006BFB54 /* Sources */,
				1D60588F0D05DD3D006BFB54 /* Frameworks */,
			);
			buildRules = (
			);
			dependencies = (
				301BF551109A68C00062928A /* PBXTargetDependency */,
			);
			name = "Grade Calculator";
			productName = "Grade Calculator";
			productReference = 1D6058910D05DD3D006BFB54 /* Grade Calculator.app */;
			productType = "com.apple.product-type.application";
		};
/* End PBXNativeTarget section */

/* Begin PBXProject section */
		29B97313FDCFA39411CA2CEA /* Project object */ = {
			isa = PBXProject;
			attributes = {
				LastUpgradeCheck = 510;
				TargetAttributes = {
					1D6058900D05DD3D006BFB54 = {
						DevelopmentTeam = AXG3P8RP2P;
					};
				};
			};
			buildConfigurationList = C01FCF4E08A954540054247B /* Build configuration list for PBXProject "Grade Calculator" */;
			compatibilityVersion = "Xcode 3.2";
			developmentRegion = English;
			hasScannedForEncodings = 1;
			knownRegions = (
				en,
			);
			mainGroup = 29B97314FDCFA39411CA2CEA /* CustomTemplate */;
			projectDirPath = "";
			projectReferences = (
				{
					ProductGroup = 301BF52E109A57CC0062928A /* Products */;
					ProjectRef = 301BF52D109A57CC0062928A /* CordovaLib.xcodeproj */;
				},
			);
			projectRoot = "";
			targets = (
				1D6058900D05DD3D006BFB54 /* Grade Calculator */,
			);
		};
/* End PBXProject section */

/* Begin PBXReferenceProxy section */
		301BF535109A57CC0062928A /* libCordova.a */ = {
			isa = PBXReferenceProxy;
			fileType = archive.ar;
			path = libCordova.a;
			remoteRef = 301BF534109A57CC0062928A /* PBXContainerItemProxy */;
			sourceTree = BUILT_PRODUCTS_DIR;
		};
/* End PBXReferenceProxy section */

/* Begin PBXResourcesBuildPhase section */
		1D60588D0D05DD3D006BFB54 /* Resources */ = {
			isa = PBXResourcesBuildPhase;
			buildActionMask = 2147483647;
			files = (
				302D95F214D2391D003F00A1 /* MainViewController.xib in Resources */,
				3047A5131AB8059700498E2A /* build-release.xcconfig in Resources */,
				3047A5141AB8059700498E2A /* build.xcconfig in Resources */,
				0207DA581B56EA530066E2B4 /* Images.xcassets in Resources */,
				3047A5121AB8059700498E2A /* build-debug.xcconfig in Resources */,
				CC7BA22FA7B94BA5953BDACE /* CDVCapture.bundle in Resources */,
				D45722370E3A4658B84C44DF /* CDVNotification.bundle in Resources */,
			);
			runOnlyForDeploymentPostprocessing = 0;
		};
/* End PBXResourcesBuildPhase section */

/* Begin PBXShellScriptBuildPhase section */
		304B58A110DAC018002A0835 /* Copy www directory */ = {
			isa = PBXShellScriptBuildPhase;
			buildActionMask = 2147483647;
			files = (
			);
			inputPaths = (
			);
			name = "Copy www directory";
			outputPaths = (
			);
			runOnlyForDeploymentPostprocessing = 0;
			shellPath = /bin/sh;
			shellScript = "NODEJS_PATH=/usr/local/bin; NVM_NODE_PATH=~/.nvm/versions/node/`nvm version 2>/dev/null`/bin; N_NODE_PATH=`find /usr/local/n/versions/node/* -maxdepth 0 -type d 2>/dev/null | tail -1`/bin; XCODE_NODE_PATH=`xcode-select --print-path`/usr/share/xcs/Node/bin; PATH=$NODEJS_PATH:$NVM_NODE_PATH:$N_NODE_PATH:$XCODE_NODE_PATH:$PATH && node cordova/lib/copy-www-build-step.js";
			showEnvVarsInLog = 0;
		};
/* End PBXShellScriptBuildPhase section */

/* Begin PBXSourcesBuildPhase section */
		1D60588E0D05DD3D006BFB54 /* Sources */ = {
			isa = PBXSourcesBuildPhase;
			buildActionMask = 2147483647;
			files = (
				1D60589B0D05DD56006BFB54 /* main.m in Sources */,
				1D3623260D0F684500981E51 /* AppDelegate.m in Sources */,
				302D95F114D2391D003F00A1 /* MainViewController.m in Sources */,
				12F3A6869E2E4E6FB79687DB /* CDVBattery.m in Sources */,
				0B56F68B814447B9AC13D6B2 /* UIImage+CropScaleOrientation.m in Sources */,
				16F8CA919B64414A9B753E5B /* CDVCamera.m in Sources */,
				1328B5B0031A4F77A0EDB045 /* CDVJpegHeaderWriter.m in Sources */,
				C3321863759440F0A6D2D975 /* CDVFile.m in Sources */,
				21F3D91112074F0EACF9FC38 /* CDVLocalFilesystem.m in Sources */,
				CD03F6058CCA414FBA6D5572 /* CDVAssetLibraryFilesystem.m in Sources */,
				2CD2641E756F4E4A97512EB1 /* CDVCapture.m in Sources */,
				5848425F2B464A20B796031B /* CDVLogger.m in Sources */,
				CEBD4D2F65D34AD78DAFBEA7 /* CDVContacts.m in Sources */,
				E36CD0FD26E643AF9EA324D3 /* CDVContact.m in Sources */,
				DF311EFB1390475CADD91BB4 /* CDVDevice.m in Sources */,
				9956EA0EB5F4494A8BBC3CCA /* CDVAccelerometer.m in Sources */,
				93FBA8B0840D49E7B033FD19 /* CDVCompass.m in Sources */,
				7E31B9D2A45840379B9BCF93 /* CDVNotification.m in Sources */,
				0527BD74DE3A4C27B8864BC7 /* CDVFileTransfer.m in Sources */,
				90B2336E6F224CE6A9DF5E5E /* CDVLocation.m in Sources */,
				FE6BD8287F64439E8B07B0F9 /* CDVGlobalization.m in Sources */,
				8A8EC0D83B274F8C94F1CE29 /* CDVInAppBrowser.m in Sources */,
				442408C1E94441DDAFE28328 /* CDVSound.m in Sources */,
				E1C298FD7A4B47768EE72A28 /* CDVConnection.m in Sources */,
				897C0724C82C448FA1325110 /* CDVReachability.m in Sources */,
				2C5BE047BE584E95A93CEA87 /* CDVSplashScreen.m in Sources */,
				6978FDE81AD2461E9B5C3D53 /* CDVViewController+SplashScreen.m in Sources */,
				7F5D74A3EE53439F86BBFDB8 /* CDVStatusBar.m in Sources */,
				48BA66B2E85A4D2184238656 /* CDVVibration.m in Sources */,
			);
			runOnlyForDeploymentPostprocessing = 0;
		};
/* End PBXSourcesBuildPhase section */

/* Begin PBXTargetDependency section */
		301BF551109A68C00062928A /* PBXTargetDependency */ = {
			isa = PBXTargetDependency;
			name = CordovaLib;
			targetProxy = 301BF550109A68C00062928A /* PBXContainerItemProxy */;
		};
/* End PBXTargetDependency section */

/* Begin XCBuildConfiguration section */
		1D6058940D05DD3E006BFB54 /* Debug */ = {
			isa = XCBuildConfiguration;
			baseConfigurationReference = 3047A50F1AB8059700498E2A /* build-debug.xcconfig */;
			buildSettings = {
				ALWAYS_SEARCH_USER_PATHS = NO;
				ASSETCATALOG_COMPILER_APPICON_NAME = AppIcon;
				ASSETCATALOG_COMPILER_LAUNCHIMAGE_NAME = LaunchImage;
				CLANG_ENABLE_MODULES = YES;
				CLANG_ENABLE_OBJC_ARC = YES;
				CODE_SIGN_IDENTITY = "iPhone Developer";
				"CODE_SIGN_IDENTITY[sdk=iphoneos*]" = "iPhone Developer";
				COPY_PHASE_STRIP = NO;
				GCC_DYNAMIC_NO_PIC = NO;
				GCC_OPTIMIZATION_LEVEL = 0;
				GCC_PRECOMPILE_PREFIX_HEADER = YES;
				GCC_PREFIX_HEADER = "Grade Calculator/Grade Calculator-Prefix.pch";
				GCC_THUMB_SUPPORT = NO;
				GCC_VERSION = "";
				INFOPLIST_FILE = "Grade Calculator/Grade Calculator-Info.plist";
				LD_RUNPATH_SEARCH_PATHS = "@executable_path/Frameworks";
				PRODUCT_NAME = "Grade Calculator";
				PROVISIONING_PROFILE = "";
			};
			name = Debug;
		};
		1D6058950D05DD3E006BFB54 /* Release */ = {
			isa = XCBuildConfiguration;
			baseConfigurationReference = 3047A5101AB8059700498E2A /* build-release.xcconfig */;
			buildSettings = {
				ALWAYS_SEARCH_USER_PATHS = NO;
				ASSETCATALOG_COMPILER_APPICON_NAME = AppIcon;
				ASSETCATALOG_COMPILER_LAUNCHIMAGE_NAME = LaunchImage;
				CLANG_ENABLE_MODULES = YES;
				CLANG_ENABLE_OBJC_ARC = YES;
				CODE_SIGN_IDENTITY = "iPhone Developer";
				"CODE_SIGN_IDENTITY[sdk=iphoneos*]" = "iPhone Developer";
				COPY_PHASE_STRIP = YES;
				GCC_PRECOMPILE_PREFIX_HEADER = YES;
				GCC_PREFIX_HEADER = "Grade Calculator/Grade Calculator-Prefix.pch";
				GCC_THUMB_SUPPORT = NO;
				GCC_VERSION = "";
				INFOPLIST_FILE = "Grade Calculator/Grade Calculator-Info.plist";
				PRODUCT_NAME = "Grade Calculator";
				PROVISIONING_PROFILE = "";
			};
			name = Release;
		};
		C01FCF4F08A954540054247B /* Debug */ = {
			isa = XCBuildConfiguration;
			baseConfigurationReference = 3047A5111AB8059700498E2A /* build.xcconfig */;
			buildSettings = {
				CLANG_ENABLE_MODULES = YES;
				CLANG_ENABLE_OBJC_ARC = YES;
				CLANG_WARN_BOOL_CONVERSION = YES;
				CLANG_WARN_CONSTANT_CONVERSION = YES;
				CLANG_WARN_EMPTY_BODY = YES;
				CLANG_WARN_ENUM_CONVERSION = YES;
				CLANG_WARN_INT_CONVERSION = YES;
				CLANG_WARN__DUPLICATE_METHOD_MATCH = YES;
				GCC_C_LANGUAGE_STANDARD = c99;
				GCC_THUMB_SUPPORT = NO;
				GCC_VERSION = "";
				GCC_WARN_ABOUT_RETURN_TYPE = YES;
				GCC_WARN_UNDECLARED_SELECTOR = YES;
				GCC_WARN_UNINITIALIZED_AUTOS = YES;
				GCC_WARN_UNUSED_FUNCTION = YES;
				GCC_WARN_UNUSED_VARIABLE = YES;
				ONLY_ACTIVE_ARCH = YES;
				PRODUCT_NAME = "Grade Calculator";
				SDKROOT = iphoneos;
				SKIP_INSTALL = NO;
			};
			name = Debug;
		};
		C01FCF5008A954540054247B /* Release */ = {
			isa = XCBuildConfiguration;
			baseConfigurationReference = 3047A5111AB8059700498E2A /* build.xcconfig */;
			buildSettings = {
				CLANG_ENABLE_MODULES = YES;
				CLANG_ENABLE_OBJC_ARC = YES;
				CLANG_WARN_BOOL_CONVERSION = YES;
				CLANG_WARN_CONSTANT_CONVERSION = YES;
				CLANG_WARN_EMPTY_BODY = YES;
				CLANG_WARN_ENUM_CONVERSION = YES;
				CLANG_WARN_INT_CONVERSION = YES;
				CLANG_WARN__DUPLICATE_METHOD_MATCH = YES;
				GCC_C_LANGUAGE_STANDARD = c99;
				GCC_THUMB_SUPPORT = NO;
				GCC_VERSION = "";
				GCC_WARN_ABOUT_RETURN_TYPE = YES;
				GCC_WARN_UNDECLARED_SELECTOR = YES;
				GCC_WARN_UNINITIALIZED_AUTOS = YES;
				GCC_WARN_UNUSED_FUNCTION = YES;
				GCC_WARN_UNUSED_VARIABLE = YES;
				PRODUCT_NAME = "Grade Calculator";
				SDKROOT = iphoneos;
				SKIP_INSTALL = NO;
			};
			name = Release;
		};
/* End XCBuildConfiguration section */

/* Begin XCConfigurationList section */
		1D6058960D05DD3E006BFB54 /* Build configuration list for PBXNativeTarget "Grade Calculator" */ = {
			isa = XCConfigurationList;
			buildConfigurations = (
				1D6058940D05DD3E006BFB54 /* Debug */,
				1D6058950D05DD3E006BFB54 /* Release */,
			);
			defaultConfigurationIsVisible = 0;
			defaultConfigurationName = Release;
		};
		C01FCF4E08A954540054247B /* Build configuration list for PBXProject "Grade Calculator" */ = {
			isa = XCConfigurationList;
			buildConfigurations = (
				C01FCF4F08A954540054247B /* Debug */,
				C01FCF5008A954540054247B /* Release */,
			);
			defaultConfigurationIsVisible = 0;
			defaultConfigurationName = Release;
		};
/* End XCConfigurationList section */
	};
	rootObject = 29B97313FDCFA39411CA2CEA /* Project object */;
}
