// !$*UTF8*$!
{
	archiveVersion = 1;
	classes = {
	};
	objectVersion = 46;
	objects = {

/* Begin PBXBuildFile section */
		0207DA581B56EA530066E2B4 /* Images.xcassets in Resources */ = {isa = PBXBuildFile; fileRef = 0207DA571B56EA530066E2B4 /* Images.xcassets */; };
		06D5B09FA1AE41479FC9F011 /* CDVLogger.m in Sources */ = {isa = PBXBuildFile; fileRef = 7333DFD28C364A1D8D22D15C /* CDVLogger.m */; };
		0C8691F6896D4DD9AAF02165 /* CDVStatusBar.m in Sources */ = {isa = PBXBuildFile; fileRef = D18160F69DCC4A09ABACC865 /* CDVStatusBar.m */; };
		1C14D92D217D4EB5AFFB326F /* CDVCapture.bundle in Resources */ = {isa = PBXBuildFile; fileRef = 31CB47F0E34E48C6A4D4A28A /* CDVCapture.bundle */; };
		1CFAD83AF89142959CCB7139 /* CDVDevice.m in Sources */ = {isa = PBXBuildFile; fileRef = BFD0B430210C49E7BABB170F /* CDVDevice.m */; };
		1D3623260D0F684500981E51 /* AppDelegate.m in Sources */ = {isa = PBXBuildFile; fileRef = 1D3623250D0F684500981E51 /* AppDelegate.m */; };
		1D60589B0D05DD56006BFB54 /* main.m in Sources */ = {isa = PBXBuildFile; fileRef = 29B97316FDCFA39411CA2CEA /* main.m */; };
		2B4E58F83713466E96217869 /* CDVCamera.m in Sources */ = {isa = PBXBuildFile; fileRef = 090A0E0F268E4F6C977E316B /* CDVCamera.m */; };
		2C019A0F09484B09A3A28A66 /* CoreTelephony.framework in Frameworks */ = {isa = PBXBuildFile; fileRef = 8B1D42E62A6C430AA17D3C3D /* CoreTelephony.framework */; };
		301BF552109A68D80062928A /* libCordova.a in Frameworks */ = {isa = PBXBuildFile; fileRef = 301BF535109A57CC0062928A /* libCordova.a */; };
		302D95F114D2391D003F00A1 /* MainViewController.m in Sources */ = {isa = PBXBuildFile; fileRef = 302D95EF14D2391D003F00A1 /* MainViewController.m */; };
		302D95F214D2391D003F00A1 /* MainViewController.xib in Resources */ = {isa = PBXBuildFile; fileRef = 302D95F014D2391D003F00A1 /* MainViewController.xib */; };
		3047A5121AB8059700498E2A /* build-debug.xcconfig in Resources */ = {isa = PBXBuildFile; fileRef = 3047A50F1AB8059700498E2A /* build-debug.xcconfig */; };
		3047A5131AB8059700498E2A /* build-release.xcconfig in Resources */ = {isa = PBXBuildFile; fileRef = 3047A5101AB8059700498E2A /* build-release.xcconfig */; };
		3047A5141AB8059700498E2A /* build.xcconfig in Resources */ = {isa = PBXBuildFile; fileRef = 3047A5111AB8059700498E2A /* build.xcconfig */; };
		34B87570B9CE4BA6B29F0D97 /* SystemConfiguration.framework in Frameworks */ = {isa = PBXBuildFile; fileRef = E8C24285E1D44F17A55528A6 /* SystemConfiguration.framework */; settings = {ATTRIBUTES = (Weak, ); }; };
		388F62CA655341F386C099D7 /* CDVConnection.m in Sources */ = {isa = PBXBuildFile; fileRef = 99936208B8EA402B8EF58679 /* CDVConnection.m */; };
		3B8682200549480A9454EEEA /* CDVReachability.m in Sources */ = {isa = PBXBuildFile; fileRef = 77A71AAB5FCF4223BC28451A /* CDVReachability.m */; };
		401421BBC5F34B59A1993652 /* CDVVibration.m in Sources */ = {isa = PBXBuildFile; fileRef = 1052A91943B64FBBB33EA4A5 /* CDVVibration.m */; };
		44256E8EE7B14CE0A6EB798E /* AddressBook.framework in Frameworks */ = {isa = PBXBuildFile; fileRef = 8BE732C1559C45BABE803C18 /* AddressBook.framework */; settings = {ATTRIBUTES = (Weak, ); }; };
		45DC6FFEB4FC40B8994F75D8 /* CDVNotification.m in Sources */ = {isa = PBXBuildFile; fileRef = 3B396BBF7C9C4FF1A21DA252 /* CDVNotification.m */; };
		4D979F565AE9435BB06F1932 /* CDVInAppBrowser.m in Sources */ = {isa = PBXBuildFile; fileRef = 5A8690160A7B4DD7B1291468 /* CDVInAppBrowser.m */; };
		5533205370B9465A9B4D7079 /* ImageIO.framework in Frameworks */ = {isa = PBXBuildFile; fileRef = 60E7B1F8FB164056A1182692 /* ImageIO.framework */; settings = {ATTRIBUTES = (Weak, ); }; };
		56E15E9D92B0411DADE36082 /* CDVAccelerometer.m in Sources */ = {isa = PBXBuildFile; fileRef = 0B6730467EE44758BD3CBD8C /* CDVAccelerometer.m */; };
		57729839D91F4977B2265DA9 /* CDVSound.m in Sources */ = {isa = PBXBuildFile; fileRef = 2E7D57EA9827443081F25405 /* CDVSound.m */; };
		69F504ED78F54757A7B13B6B /* CoreMotion.framework in Frameworks */ = {isa = PBXBuildFile; fileRef = 0D928B2A179B4085B8F74AD7 /* CoreMotion.framework */; };
		77960CBD902343F4A232DAF3 /* CDVJpegHeaderWriter.m in Sources */ = {isa = PBXBuildFile; fileRef = 84C51B2E5C4B4F8499797CE6 /* CDVJpegHeaderWriter.m */; };
		803F0DCE2FA4464EB9DDFE74 /* CoreLocation.framework in Frameworks */ = {isa = PBXBuildFile; fileRef = 503E361B1E8544A598913AF3 /* CoreLocation.framework */; };
		8AFB863C40584AA08802920C /* CDVCapture.m in Sources */ = {isa = PBXBuildFile; fileRef = 34606AE7467345A5BC7CFE78 /* CDVCapture.m */; };
		8EB36B3AFDA447B6B6EBB86D /* CDVFileTransfer.m in Sources */ = {isa = PBXBuildFile; fileRef = DDF6E38A42C543BC846C396A /* CDVFileTransfer.m */; };
		928EE29FA5294DD288B1187B /* CDVNotification.bundle in Resources */ = {isa = PBXBuildFile; fileRef = FB2940FBD72F4328BEA162D4 /* CDVNotification.bundle */; };
		9829988A096E4E4796ED2D0A /* CDVAssetLibraryFilesystem.m in Sources */ = {isa = PBXBuildFile; fileRef = EB249F90E8244DBA821B5C78 /* CDVAssetLibraryFilesystem.m */; };
		9CEC7926F5644A29AFD3966C /* CDVBattery.m in Sources */ = {isa = PBXBuildFile; fileRef = 3632E19CB62C42189AEFAEDF /* CDVBattery.m */; };
		A215689945E044309104E52A /* CDVViewController+SplashScreen.m in Sources */ = {isa = PBXBuildFile; fileRef = 0F745D752DAE446B8DB2F980 /* CDVViewController+SplashScreen.m */; };
		A3A415551B894FA8B3FE9BA5 /* AVFoundation.framework in Frameworks */ = {isa = PBXBuildFile; fileRef = 8ECA3A100A874B629A046137 /* AVFoundation.framework */; };
		C1EA9F6402424CB5A91E670E /* CDVContact.m in Sources */ = {isa = PBXBuildFile; fileRef = 104661F4CE644975AC9B21FB /* CDVContact.m */; };
		C886D88928A944D2833A8896 /* CDVLocation.m in Sources */ = {isa = PBXBuildFile; fileRef = 1C986710DAC744D1894BDBB2 /* CDVLocation.m */; };
		C957D675E77F42DB84526300 /* CDVSplashScreen.m in Sources */ = {isa = PBXBuildFile; fileRef = 4BC896D4F3F1450E9C1C7AD1 /* CDVSplashScreen.m */; };
		CAD942CA755A4C80A45EF533 /* CDVContacts.m in Sources */ = {isa = PBXBuildFile; fileRef = 7ACAEAD32F3D453F87634C47 /* CDVContacts.m */; };
		D04ED5CB27504F9092D1ED9B /* CDVFile.m in Sources */ = {isa = PBXBuildFile; fileRef = 086843422EC040BABFFE479E /* CDVFile.m */; };
		D57278B97F2E4B18B792D21B /* AudioToolbox.framework in Frameworks */ = {isa = PBXBuildFile; fileRef = 6E552EB02845403DA7D8EB0E /* AudioToolbox.framework */; settings = {ATTRIBUTES = (Weak, ); }; };
		E0EB9D1E6E0C43F4A622CD08 /* CDVGlobalization.m in Sources */ = {isa = PBXBuildFile; fileRef = 1E4E2463C759460F8B83CDC0 /* CDVGlobalization.m */; };
		E64EB64D39CC4B7780B966B3 /* CDVCompass.m in Sources */ = {isa = PBXBuildFile; fileRef = D24F51201F1442B081311681 /* CDVCompass.m */; };
		FA88142B9D6043F48FD73EA9 /* AddressBookUI.framework in Frameworks */ = {isa = PBXBuildFile; fileRef = E1E3F60AA19943DBAAA0116B /* AddressBookUI.framework */; settings = {ATTRIBUTES = (Weak, ); }; };
		FE4FE3E31B224556920689C8 /* CDVLocalFilesystem.m in Sources */ = {isa = PBXBuildFile; fileRef = 615AE715E19A4415A5A96290 /* CDVLocalFilesystem.m */; };
		FED7BF5C3D384711806DCBC4 /* UIImage+CropScaleOrientation.m in Sources */ = {isa = PBXBuildFile; fileRef = CAFC2AFBC4884B26836CE5D7 /* UIImage+CropScaleOrientation.m */; };
/* End PBXBuildFile section */

/* Begin PBXContainerItemProxy section */
		301BF534109A57CC0062928A /* PBXContainerItemProxy */ = {
			isa = PBXContainerItemProxy;
			containerPortal = 301BF52D109A57CC0062928A /* CordovaLib.xcodeproj */;
			proxyType = 2;
			remoteGlobalIDString = D2AAC07E0554694100DB518D;
			remoteInfo = CordovaLib;
		};
		301BF550109A68C00062928A /* PBXContainerItemProxy */ = {
			isa = PBXContainerItemProxy;
			containerPortal = 301BF52D109A57CC0062928A /* CordovaLib.xcodeproj */;
			proxyType = 1;
			remoteGlobalIDString = D2AAC07D0554694100DB518D;
			remoteInfo = CordovaLib;
		};
/* End PBXContainerItemProxy section */

/* Begin PBXFileReference section */
		0207DA571B56EA530066E2B4 /* Images.xcassets */ = {isa = PBXFileReference; lastKnownFileType = folder.assetcatalog; name = Images.xcassets; path = "Grader App/Images.xcassets"; sourceTree = SOURCE_ROOT; };
		03793D71024D4911B485E1C6 /* CDVCompass.h */ = {isa = PBXFileReference; explicitFileType = undefined; fileEncoding = 4; includeInIndex = 0; lastKnownFileType = sourcecode.c.h; name = CDVCompass.h; path = "cordova-plugin-device-orientation/CDVCompass.h"; sourceTree = "<group>"; };
		07148908C9E7464C9DA71353 /* CDVJpegHeaderWriter.h */ = {isa = PBXFileReference; explicitFileType = undefined; fileEncoding = 4; includeInIndex = 0; lastKnownFileType = sourcecode.c.h; name = CDVJpegHeaderWriter.h; path = "cordova-plugin-camera/CDVJpegHeaderWriter.h"; sourceTree = "<group>"; };
		0796860323C14414AE5FD1E5 /* CDVLocation.h */ = {isa = PBXFileReference; explicitFileType = undefined; fileEncoding = 4; includeInIndex = 0; lastKnownFileType = sourcecode.c.h; name = CDVLocation.h; path = "cordova-plugin-geolocation/CDVLocation.h"; sourceTree = "<group>"; };
		086843422EC040BABFFE479E /* CDVFile.m */ = {isa = PBXFileReference; explicitFileType = undefined; fileEncoding = 4; includeInIndex = 0; lastKnownFileType = sourcecode.c.objc; name = CDVFile.m; path = "cordova-plugin-file/CDVFile.m"; sourceTree = "<group>"; };
		090A0E0F268E4F6C977E316B /* CDVCamera.m */ = {isa = PBXFileReference; explicitFileType = undefined; fileEncoding = 4; includeInIndex = 0; lastKnownFileType = sourcecode.c.objc; name = CDVCamera.m; path = "cordova-plugin-camera/CDVCamera.m"; sourceTree = "<group>"; };
		0B6730467EE44758BD3CBD8C /* CDVAccelerometer.m */ = {isa = PBXFileReference; explicitFileType = undefined; fileEncoding = 4; includeInIndex = 0; lastKnownFileType = sourcecode.c.objc; name = CDVAccelerometer.m; path = "cordova-plugin-device-motion/CDVAccelerometer.m"; sourceTree = "<group>"; };
		0D928B2A179B4085B8F74AD7 /* CoreMotion.framework */ = {isa = PBXFileReference; explicitFileType = undefined; fileEncoding = 9; includeInIndex = 0; lastKnownFileType = wrapper.framework; name = CoreMotion.framework; path = System/Library/Frameworks/CoreMotion.framework; sourceTree = SDKROOT; };
		0F5F1E45C69F4106A25551AE /* CDVFileTransfer.h */ = {isa = PBXFileReference; explicitFileType = undefined; fileEncoding = 4; includeInIndex = 0; lastKnownFileType = sourcecode.c.h; name = CDVFileTransfer.h; path = "cordova-plugin-file-transfer/CDVFileTransfer.h"; sourceTree = "<group>"; };
		0F745D752DAE446B8DB2F980 /* CDVViewController+SplashScreen.m */ = {isa = PBXFileReference; explicitFileType = undefined; fileEncoding = 4; includeInIndex = 0; lastKnownFileType = sourcecode.c.objc; name = "CDVViewController+SplashScreen.m"; path = "cordova-plugin-splashscreen/CDVViewController+SplashScreen.m"; sourceTree = "<group>"; };
		104661F4CE644975AC9B21FB /* CDVContact.m */ = {isa = PBXFileReference; explicitFileType = undefined; fileEncoding = 4; includeInIndex = 0; lastKnownFileType = sourcecode.c.objc; name = CDVContact.m; path = "cordova-plugin-contacts/CDVContact.m"; sourceTree = "<group>"; };
		1052A91943B64FBBB33EA4A5 /* CDVVibration.m */ = {isa = PBXFileReference; explicitFileType = undefined; fileEncoding = 4; includeInIndex = 0; lastKnownFileType = sourcecode.c.objc; name = CDVVibration.m; path = "cordova-plugin-vibration/CDVVibration.m"; sourceTree = "<group>"; };
		1835C47E10144B6BAF40EB0A /* CDVViewController+SplashScreen.h */ = {isa = PBXFileReference; explicitFileType = undefined; fileEncoding = 4; includeInIndex = 0; lastKnownFileType = sourcecode.c.h; name = "CDVViewController+SplashScreen.h"; path = "cordova-plugin-splashscreen/CDVViewController+SplashScreen.h"; sourceTree = "<group>"; };
		1C986710DAC744D1894BDBB2 /* CDVLocation.m */ = {isa = PBXFileReference; explicitFileType = undefined; fileEncoding = 4; includeInIndex = 0; lastKnownFileType = sourcecode.c.objc; name = CDVLocation.m; path = "cordova-plugin-geolocation/CDVLocation.m"; sourceTree = "<group>"; };
		1D3623240D0F684500981E51 /* AppDelegate.h */ = {isa = PBXFileReference; fileEncoding = 4; lastKnownFileType = sourcecode.c.h; path = AppDelegate.h; sourceTree = "<group>"; };
		1D3623250D0F684500981E51 /* AppDelegate.m */ = {isa = PBXFileReference; fileEncoding = 4; lastKnownFileType = sourcecode.c.objc; path = AppDelegate.m; sourceTree = "<group>"; };
		1D6058910D05DD3D006BFB54 /* Grader App.app */ = {isa = PBXFileReference; explicitFileType = wrapper.application; includeInIndex = 0; path = "Grader App.app"; sourceTree = BUILT_PRODUCTS_DIR; };
		1E4E2463C759460F8B83CDC0 /* CDVGlobalization.m */ = {isa = PBXFileReference; explicitFileType = undefined; fileEncoding = 4; includeInIndex = 0; lastKnownFileType = sourcecode.c.objc; name = CDVGlobalization.m; path = "cordova-plugin-globalization/CDVGlobalization.m"; sourceTree = "<group>"; };
		253C81408CEC49B8ACD5A374 /* UIImage+CropScaleOrientation.h */ = {isa = PBXFileReference; explicitFileType = undefined; fileEncoding = 4; includeInIndex = 0; lastKnownFileType = sourcecode.c.h; name = "UIImage+CropScaleOrientation.h"; path = "cordova-plugin-camera/UIImage+CropScaleOrientation.h"; sourceTree = "<group>"; };
		25DA1744AF2447B49AF782EE /* CDVLogger.h */ = {isa = PBXFileReference; explicitFileType = undefined; fileEncoding = 4; includeInIndex = 0; lastKnownFileType = sourcecode.c.h; name = CDVLogger.h; path = "cordova-plugin-console/CDVLogger.h"; sourceTree = "<group>"; };
		29B97316FDCFA39411CA2CEA /* main.m */ = {isa = PBXFileReference; fileEncoding = 4; lastKnownFileType = sourcecode.c.objc; path = main.m; sourceTree = "<group>"; };
		2E7D57EA9827443081F25405 /* CDVSound.m */ = {isa = PBXFileReference; explicitFileType = undefined; fileEncoding = 4; includeInIndex = 0; lastKnownFileType = sourcecode.c.objc; name = CDVSound.m; path = "cordova-plugin-media/CDVSound.m"; sourceTree = "<group>"; };
		2EDADBFFF7E540CA820D41FF /* CDVFile.h */ = {isa = PBXFileReference; explicitFileType = undefined; fileEncoding = 4; includeInIndex = 0; lastKnownFileType = sourcecode.c.h; name = CDVFile.h; path = "cordova-plugin-file/CDVFile.h"; sourceTree = "<group>"; };
		301BF52D109A57CC0062928A /* CordovaLib.xcodeproj */ = {isa = PBXFileReference; lastKnownFileType = "wrapper.pb-project"; name = CordovaLib.xcodeproj; path = CordovaLib/CordovaLib.xcodeproj; sourceTree = "<group>"; };
		301BF56E109A69640062928A /* www */ = {isa = PBXFileReference; lastKnownFileType = folder; path = www; sourceTree = SOURCE_ROOT; };
		302D95EE14D2391D003F00A1 /* MainViewController.h */ = {isa = PBXFileReference; fileEncoding = 4; lastKnownFileType = sourcecode.c.h; path = MainViewController.h; sourceTree = "<group>"; };
		302D95EF14D2391D003F00A1 /* MainViewController.m */ = {isa = PBXFileReference; fileEncoding = 4; lastKnownFileType = sourcecode.c.objc; path = MainViewController.m; sourceTree = "<group>"; };
		302D95F014D2391D003F00A1 /* MainViewController.xib */ = {isa = PBXFileReference; fileEncoding = 4; lastKnownFileType = file.xib; path = MainViewController.xib; sourceTree = "<group>"; };
		3047A50F1AB8059700498E2A /* build-debug.xcconfig */ = {isa = PBXFileReference; fileEncoding = 4; lastKnownFileType = text.xcconfig; name = "build-debug.xcconfig"; path = "cordova/build-debug.xcconfig"; sourceTree = SOURCE_ROOT; };
		3047A5101AB8059700498E2A /* build-release.xcconfig */ = {isa = PBXFileReference; fileEncoding = 4; lastKnownFileType = text.xcconfig; name = "build-release.xcconfig"; path = "cordova/build-release.xcconfig"; sourceTree = SOURCE_ROOT; };
		3047A5111AB8059700498E2A /* build.xcconfig */ = {isa = PBXFileReference; fileEncoding = 4; lastKnownFileType = text.xcconfig; name = build.xcconfig; path = cordova/build.xcconfig; sourceTree = SOURCE_ROOT; };
		31CB47F0E34E48C6A4D4A28A /* CDVCapture.bundle */ = {isa = PBXFileReference; explicitFileType = undefined; fileEncoding = 9; includeInIndex = 0; lastKnownFileType = "wrapper.plug-in"; path = CDVCapture.bundle; sourceTree = "<group>"; };
		32CA4F630368D1EE00C91783 /* Grader App-Prefix.pch */ = {isa = PBXFileReference; fileEncoding = 4; lastKnownFileType = sourcecode.c.h; path = "Grader App-Prefix.pch"; sourceTree = "<group>"; };
		34606AE7467345A5BC7CFE78 /* CDVCapture.m */ = {isa = PBXFileReference; explicitFileType = undefined; fileEncoding = 4; includeInIndex = 0; lastKnownFileType = sourcecode.c.objc; name = CDVCapture.m; path = "cordova-plugin-media-capture/CDVCapture.m"; sourceTree = "<group>"; };
		3632E19CB62C42189AEFAEDF /* CDVBattery.m */ = {isa = PBXFileReference; explicitFileType = undefined; fileEncoding = 4; includeInIndex = 0; lastKnownFileType = sourcecode.c.objc; name = CDVBattery.m; path = "cordova-plugin-battery-status/CDVBattery.m"; sourceTree = "<group>"; };
		3B396BBF7C9C4FF1A21DA252 /* CDVNotification.m */ = {isa = PBXFileReference; explicitFileType = undefined; fileEncoding = 4; includeInIndex = 0; lastKnownFileType = sourcecode.c.objc; name = CDVNotification.m; path = "cordova-plugin-dialogs/CDVNotification.m"; sourceTree = "<group>"; };
		45AD14A9D29A4C298AD42943 /* CDVLocalFilesystem.h */ = {isa = PBXFileReference; explicitFileType = undefined; fileEncoding = 4; includeInIndex = 0; lastKnownFileType = sourcecode.c.h; name = CDVLocalFilesystem.h; path = "cordova-plugin-file/CDVLocalFilesystem.h"; sourceTree = "<group>"; };
		45F010A9C3FF47F981F35CF2 /* CDVAccelerometer.h */ = {isa = PBXFileReference; explicitFileType = undefined; fileEncoding = 4; includeInIndex = 0; lastKnownFileType = sourcecode.c.h; name = CDVAccelerometer.h; path = "cordova-plugin-device-motion/CDVAccelerometer.h"; sourceTree = "<group>"; };
		4BC896D4F3F1450E9C1C7AD1 /* CDVSplashScreen.m */ = {isa = PBXFileReference; explicitFileType = undefined; fileEncoding = 4; includeInIndex = 0; lastKnownFileType = sourcecode.c.objc; name = CDVSplashScreen.m; path = "cordova-plugin-splashscreen/CDVSplashScreen.m"; sourceTree = "<group>"; };
		503E361B1E8544A598913AF3 /* CoreLocation.framework */ = {isa = PBXFileReference; explicitFileType = undefined; fileEncoding = 9; includeInIndex = 0; lastKnownFileType = wrapper.framework; name = CoreLocation.framework; path = System/Library/Frameworks/CoreLocation.framework; sourceTree = SDKROOT; };
		5A8690160A7B4DD7B1291468 /* CDVInAppBrowser.m */ = {isa = PBXFileReference; explicitFileType = undefined; fileEncoding = 4; includeInIndex = 0; lastKnownFileType = sourcecode.c.objc; name = CDVInAppBrowser.m; path = "cordova-plugin-inappbrowser/CDVInAppBrowser.m"; sourceTree = "<group>"; };
		5CCF677CEA6B4DEBA0EE882E /* CDVDevice.h */ = {isa = PBXFileReference; explicitFileType = undefined; fileEncoding = 4; includeInIndex = 0; lastKnownFileType = sourcecode.c.h; name = CDVDevice.h; path = "cordova-plugin-device/CDVDevice.h"; sourceTree = "<group>"; };
		60E7B1F8FB164056A1182692 /* ImageIO.framework */ = {isa = PBXFileReference; explicitFileType = undefined; fileEncoding = 9; includeInIndex = 0; lastKnownFileType = wrapper.framework; name = ImageIO.framework; path = System/Library/Frameworks/ImageIO.framework; sourceTree = SDKROOT; };
		615AE715E19A4415A5A96290 /* CDVLocalFilesystem.m */ = {isa = PBXFileReference; explicitFileType = undefined; fileEncoding = 4; includeInIndex = 0; lastKnownFileType = sourcecode.c.objc; name = CDVLocalFilesystem.m; path = "cordova-plugin-file/CDVLocalFilesystem.m"; sourceTree = "<group>"; };
		6748972FA8A44ADFA621DB5E /* CDVVibration.h */ = {isa = PBXFileReference; explicitFileType = undefined; fileEncoding = 4; includeInIndex = 0; lastKnownFileType = sourcecode.c.h; name = CDVVibration.h; path = "cordova-plugin-vibration/CDVVibration.h"; sourceTree = "<group>"; };
		6E552EB02845403DA7D8EB0E /* AudioToolbox.framework */ = {isa = PBXFileReference; explicitFileType = undefined; fileEncoding = 9; includeInIndex = 0; lastKnownFileType = wrapper.framework; name = AudioToolbox.framework; path = System/Library/Frameworks/AudioToolbox.framework; sourceTree = SDKROOT; };
		7333DFD28C364A1D8D22D15C /* CDVLogger.m */ = {isa = PBXFileReference; explicitFileType = undefined; fileEncoding = 4; includeInIndex = 0; lastKnownFileType = sourcecode.c.objc; name = CDVLogger.m; path = "cordova-plugin-console/CDVLogger.m"; sourceTree = "<group>"; };
		75D73F1D3F4842A7AC349D39 /* CDVSplashScreen.h */ = {isa = PBXFileReference; explicitFileType = undefined; fileEncoding = 4; includeInIndex = 0; lastKnownFileType = sourcecode.c.h; name = CDVSplashScreen.h; path = "cordova-plugin-splashscreen/CDVSplashScreen.h"; sourceTree = "<group>"; };
		77A71AAB5FCF4223BC28451A /* CDVReachability.m */ = {isa = PBXFileReference; explicitFileType = undefined; fileEncoding = 4; includeInIndex = 0; lastKnownFileType = sourcecode.c.objc; name = CDVReachability.m; path = "cordova-plugin-network-information/CDVReachability.m"; sourceTree = "<group>"; };
		7ACAEAD32F3D453F87634C47 /* CDVContacts.m */ = {isa = PBXFileReference; explicitFileType = undefined; fileEncoding = 4; includeInIndex = 0; lastKnownFileType = sourcecode.c.objc; name = CDVContacts.m; path = "cordova-plugin-contacts/CDVContacts.m"; sourceTree = "<group>"; };
		84C51B2E5C4B4F8499797CE6 /* CDVJpegHeaderWriter.m */ = {isa = PBXFileReference; explicitFileType = undefined; fileEncoding = 4; includeInIndex = 0; lastKnownFileType = sourcecode.c.objc; name = CDVJpegHeaderWriter.m; path = "cordova-plugin-camera/CDVJpegHeaderWriter.m"; sourceTree = "<group>"; };
		8B1D42E62A6C430AA17D3C3D /* CoreTelephony.framework */ = {isa = PBXFileReference; explicitFileType = undefined; fileEncoding = 9; includeInIndex = 0; lastKnownFileType = wrapper.framework; name = CoreTelephony.framework; path = System/Library/Frameworks/CoreTelephony.framework; sourceTree = SDKROOT; };
		8BE732C1559C45BABE803C18 /* AddressBook.framework */ = {isa = PBXFileReference; explicitFileType = undefined; fileEncoding = 9; includeInIndex = 0; lastKnownFileType = wrapper.framework; name = AddressBook.framework; path = System/Library/Frameworks/AddressBook.framework; sourceTree = SDKROOT; };
		8D0ED9F07563497098029033 /* CDVCamera.h */ = {isa = PBXFileReference; explicitFileType = undefined; fileEncoding = 4; includeInIndex = 0; lastKnownFileType = sourcecode.c.h; name = CDVCamera.h; path = "cordova-plugin-camera/CDVCamera.h"; sourceTree = "<group>"; };
		8D1107310486CEB800E47090 /* Grader App-Info.plist */ = {isa = PBXFileReference; fileEncoding = 4; lastKnownFileType = text.plist.xml; name = "Grader App-Info.plist"; path = "Grader App/Grader App-Info.plist"; plistStructureDefinitionIdentifier = "com.apple.xcode.plist.structure-definition.iphone.info-plist"; sourceTree = SOURCE_ROOT; };
		8ECA3A100A874B629A046137 /* AVFoundation.framework */ = {isa = PBXFileReference; explicitFileType = undefined; fileEncoding = 9; includeInIndex = 0; lastKnownFileType = wrapper.framework; name = AVFoundation.framework; path = System/Library/Frameworks/AVFoundation.framework; sourceTree = SDKROOT; };
		91B13AF6C9184D1B9361F633 /* CDVInAppBrowser.h */ = {isa = PBXFileReference; explicitFileType = undefined; fileEncoding = 4; includeInIndex = 0; lastKnownFileType = sourcecode.c.h; name = CDVInAppBrowser.h; path = "cordova-plugin-inappbrowser/CDVInAppBrowser.h"; sourceTree = "<group>"; };
		93FA897CC08143FA89D2109D /* CDVBattery.h */ = {isa = PBXFileReference; explicitFileType = undefined; fileEncoding = 4; includeInIndex = 0; lastKnownFileType = sourcecode.c.h; name = CDVBattery.h; path = "cordova-plugin-battery-status/CDVBattery.h"; sourceTree = "<group>"; };
		99936208B8EA402B8EF58679 /* CDVConnection.m */ = {isa = PBXFileReference; explicitFileType = undefined; fileEncoding = 4; includeInIndex = 0; lastKnownFileType = sourcecode.c.objc; name = CDVConnection.m; path = "cordova-plugin-network-information/CDVConnection.m"; sourceTree = "<group>"; };
		9CE59166E98D4F36B344B689 /* CDVContacts.h */ = {isa = PBXFileReference; explicitFileType = undefined; fileEncoding = 4; includeInIndex = 0; lastKnownFileType = sourcecode.c.h; name = CDVContacts.h; path = "cordova-plugin-contacts/CDVContacts.h"; sourceTree = "<group>"; };
		BACF07233DD144AD94EB41F4 /* CDVAssetLibraryFilesystem.h */ = {isa = PBXFileReference; explicitFileType = undefined; fileEncoding = 4; includeInIndex = 0; lastKnownFileType = sourcecode.c.h; name = CDVAssetLibraryFilesystem.h; path = "cordova-plugin-file/CDVAssetLibraryFilesystem.h"; sourceTree = "<group>"; };
		BFD0B430210C49E7BABB170F /* CDVDevice.m */ = {isa = PBXFileReference; explicitFileType = undefined; fileEncoding = 4; includeInIndex = 0; lastKnownFileType = sourcecode.c.objc; name = CDVDevice.m; path = "cordova-plugin-device/CDVDevice.m"; sourceTree = "<group>"; };
		CAFC2AFBC4884B26836CE5D7 /* UIImage+CropScaleOrientation.m */ = {isa = PBXFileReference; explicitFileType = undefined; fileEncoding = 4; includeInIndex = 0; lastKnownFileType = sourcecode.c.objc; name = "UIImage+CropScaleOrientation.m"; path = "cordova-plugin-camera/UIImage+CropScaleOrientation.m"; sourceTree = "<group>"; };
		CD31E0CBAF4C43F380EECE82 /* CDVNotification.h */ = {isa = PBXFileReference; explicitFileType = undefined; fileEncoding = 4; includeInIndex = 0; lastKnownFileType = sourcecode.c.h; name = CDVNotification.h; path = "cordova-plugin-dialogs/CDVNotification.h"; sourceTree = "<group>"; };
		D18160F69DCC4A09ABACC865 /* CDVStatusBar.m */ = {isa = PBXFileReference; explicitFileType = undefined; fileEncoding = 4; includeInIndex = 0; lastKnownFileType = sourcecode.c.objc; name = CDVStatusBar.m; path = "cordova-plugin-statusbar/CDVStatusBar.m"; sourceTree = "<group>"; };
		D24F51201F1442B081311681 /* CDVCompass.m */ = {isa = PBXFileReference; explicitFileType = undefined; fileEncoding = 4; includeInIndex = 0; lastKnownFileType = sourcecode.c.objc; name = CDVCompass.m; path = "cordova-plugin-device-orientation/CDVCompass.m"; sourceTree = "<group>"; };
		D3CBA762E61049AB98936C82 /* CDVConnection.h */ = {isa = PBXFileReference; explicitFileType = undefined; fileEncoding = 4; includeInIndex = 0; lastKnownFileType = sourcecode.c.h; name = CDVConnection.h; path = "cordova-plugin-network-information/CDVConnection.h"; sourceTree = "<group>"; };
		D9CCB4EC1760427D9DBDED71 /* CDVExif.h */ = {isa = PBXFileReference; explicitFileType = undefined; fileEncoding = 4; includeInIndex = 0; lastKnownFileType = sourcecode.c.h; name = CDVExif.h; path = "cordova-plugin-camera/CDVExif.h"; sourceTree = "<group>"; };
		DB1DE895B79D4683A869B736 /* CDVSound.h */ = {isa = PBXFileReference; explicitFileType = undefined; fileEncoding = 4; includeInIndex = 0; lastKnownFileType = sourcecode.c.h; name = CDVSound.h; path = "cordova-plugin-media/CDVSound.h"; sourceTree = "<group>"; };
		DDF6E38A42C543BC846C396A /* CDVFileTransfer.m */ = {isa = PBXFileReference; explicitFileType = undefined; fileEncoding = 4; includeInIndex = 0; lastKnownFileType = sourcecode.c.objc; name = CDVFileTransfer.m; path = "cordova-plugin-file-transfer/CDVFileTransfer.m"; sourceTree = "<group>"; };
		E1E3F60AA19943DBAAA0116B /* AddressBookUI.framework */ = {isa = PBXFileReference; explicitFileType = undefined; fileEncoding = 9; includeInIndex = 0; lastKnownFileType = wrapper.framework; name = AddressBookUI.framework; path = System/Library/Frameworks/AddressBookUI.framework; sourceTree = SDKROOT; };
		E8689A09EFD849FC81D83D04 /* CDVContact.h */ = {isa = PBXFileReference; explicitFileType = undefined; fileEncoding = 4; includeInIndex = 0; lastKnownFileType = sourcecode.c.h; name = CDVContact.h; path = "cordova-plugin-contacts/CDVContact.h"; sourceTree = "<group>"; };
		E8C24285E1D44F17A55528A6 /* SystemConfiguration.framework */ = {isa = PBXFileReference; explicitFileType = undefined; fileEncoding = 9; includeInIndex = 0; lastKnownFileType = wrapper.framework; name = SystemConfiguration.framework; path = System/Library/Frameworks/SystemConfiguration.framework; sourceTree = SDKROOT; };
		EAB08DD444FF4D2F9753B150 /* CDVReachability.h */ = {isa = PBXFileReference; explicitFileType = undefined; fileEncoding = 4; includeInIndex = 0; lastKnownFileType = sourcecode.c.h; name = CDVReachability.h; path = "cordova-plugin-network-information/CDVReachability.h"; sourceTree = "<group>"; };
		EB249F90E8244DBA821B5C78 /* CDVAssetLibraryFilesystem.m */ = {isa = PBXFileReference; explicitFileType = undefined; fileEncoding = 4; includeInIndex = 0; lastKnownFileType = sourcecode.c.objc; name = CDVAssetLibraryFilesystem.m; path = "cordova-plugin-file/CDVAssetLibraryFilesystem.m"; sourceTree = "<group>"; };
		EB87FDF31871DA8E0020F90C /* www */ = {isa = PBXFileReference; lastKnownFileType = folder; name = www; path = ../../www; sourceTree = "<group>"; };
		EB87FDF41871DAF40020F90C /* config.xml */ = {isa = PBXFileReference; lastKnownFileType = text.xml; name = config.xml; path = ../../config.xml; sourceTree = "<group>"; };
		ED33DF2A687741AEAF9F8254 /* Bridging-Header.h */ = {isa = PBXFileReference; fileEncoding = 4; lastKnownFileType = sourcecode.c.h; path = "Bridging-Header.h"; sourceTree = "<group>"; };
		F0979275C61D419BB743B9C2 /* CDVStatusBar.h */ = {isa = PBXFileReference; explicitFileType = undefined; fileEncoding = 4; includeInIndex = 0; lastKnownFileType = sourcecode.c.h; name = CDVStatusBar.h; path = "cordova-plugin-statusbar/CDVStatusBar.h"; sourceTree = "<group>"; };
		F1C66A54DCCC4CFD92EAABC3 /* CDVGlobalization.h */ = {isa = PBXFileReference; explicitFileType = undefined; fileEncoding = 4; includeInIndex = 0; lastKnownFileType = sourcecode.c.h; name = CDVGlobalization.h; path = "cordova-plugin-globalization/CDVGlobalization.h"; sourceTree = "<group>"; };
		F602B07698594770A594A92E /* CDVCapture.h */ = {isa = PBXFileReference; explicitFileType = undefined; fileEncoding = 4; includeInIndex = 0; lastKnownFileType = sourcecode.c.h; name = CDVCapture.h; path = "cordova-plugin-media-capture/CDVCapture.h"; sourceTree = "<group>"; };
		F840E1F0165FE0F500CFE078 /* config.xml */ = {isa = PBXFileReference; lastKnownFileType = text.xml; name = config.xml; path = "Grader App/config.xml"; sourceTree = "<group>"; };
		FB2940FBD72F4328BEA162D4 /* CDVNotification.bundle */ = {isa = PBXFileReference; explicitFileType = undefined; fileEncoding = 9; includeInIndex = 0; lastKnownFileType = "wrapper.plug-in"; path = CDVNotification.bundle; sourceTree = "<group>"; };
/* End PBXFileReference section */

/* Begin PBXFrameworksBuildPhase section */
		1D60588F0D05DD3D006BFB54 /* Frameworks */ = {
			isa = PBXFrameworksBuildPhase;
			buildActionMask = 2147483647;
			files = (
				301BF552109A68D80062928A /* libCordova.a in Frameworks */,
				5533205370B9465A9B4D7079 /* ImageIO.framework in Frameworks */,
				803F0DCE2FA4464EB9DDFE74 /* CoreLocation.framework in Frameworks */,
				A3A415551B894FA8B3FE9BA5 /* AVFoundation.framework in Frameworks */,
				44256E8EE7B14CE0A6EB798E /* AddressBook.framework in Frameworks */,
				FA88142B9D6043F48FD73EA9 /* AddressBookUI.framework in Frameworks */,
				69F504ED78F54757A7B13B6B /* CoreMotion.framework in Frameworks */,
				D57278B97F2E4B18B792D21B /* AudioToolbox.framework in Frameworks */,
				34B87570B9CE4BA6B29F0D97 /* SystemConfiguration.framework in Frameworks */,
				2C019A0F09484B09A3A28A66 /* CoreTelephony.framework in Frameworks */,
			);
			runOnlyForDeploymentPostprocessing = 0;
		};
/* End PBXFrameworksBuildPhase section */

/* Begin PBXGroup section */
		080E96DDFE201D6D7F000001 /* Classes */ = {
			isa = PBXGroup;
			children = (
				302D95EE14D2391D003F00A1 /* MainViewController.h */,
				302D95EF14D2391D003F00A1 /* MainViewController.m */,
				302D95F014D2391D003F00A1 /* MainViewController.xib */,
				1D3623240D0F684500981E51 /* AppDelegate.h */,
				1D3623250D0F684500981E51 /* AppDelegate.m */,
			);
			name = Classes;
			path = "Grader App/Classes";
			sourceTree = SOURCE_ROOT;
		};
		19C28FACFE9D520D11CA2CBB /* Products */ = {
			isa = PBXGroup;
			children = (
				1D6058910D05DD3D006BFB54 /* Grader App.app */,
			);
			name = Products;
			sourceTree = "<group>";
		};
		29B97314FDCFA39411CA2CEA /* CustomTemplate */ = {
			isa = PBXGroup;
			children = (
				EB87FDF41871DAF40020F90C /* config.xml */,
				EB87FDF31871DA8E0020F90C /* www */,
				EB87FDF11871DA420020F90C /* Staging */,
				301BF52D109A57CC0062928A /* CordovaLib.xcodeproj */,
				080E96DDFE201D6D7F000001 /* Classes */,
				307C750510C5A3420062BCA9 /* Plugins */,
				29B97315FDCFA39411CA2CEA /* Other Sources */,
				29B97317FDCFA39411CA2CEA /* Resources */,
				29B97323FDCFA39411CA2CEA /* Frameworks */,
				19C28FACFE9D520D11CA2CBB /* Products */,
			);
			name = CustomTemplate;
			sourceTree = "<group>";
		};
		29B97315FDCFA39411CA2CEA /* Other Sources */ = {
			isa = PBXGroup;
			children = (
				32CA4F630368D1EE00C91783 /* Grader App-Prefix.pch */,
				29B97316FDCFA39411CA2CEA /* main.m */,
				ED33DF2A687741AEAF9F8254 /* Bridging-Header.h */,
			);
			name = "Other Sources";
			path = "Grader App";
			sourceTree = "<group>";
		};
		29B97317FDCFA39411CA2CEA /* Resources */ = {
			isa = PBXGroup;
			children = (
				0207DA571B56EA530066E2B4 /* Images.xcassets */,
				3047A50E1AB8057F00498E2A /* config */,
				8D1107310486CEB800E47090 /* Grader App-Info.plist */,
				FB2940FBD72F4328BEA162D4 /* CDVNotification.bundle */,
				31CB47F0E34E48C6A4D4A28A /* CDVCapture.bundle */,
			);
			name = Resources;
			path = "Grader App/Resources";
			sourceTree = "<group>";
		};
		29B97323FDCFA39411CA2CEA /* Frameworks */ = {
			isa = PBXGroup;
			children = (
				60E7B1F8FB164056A1182692 /* ImageIO.framework */,
				503E361B1E8544A598913AF3 /* CoreLocation.framework */,
				8ECA3A100A874B629A046137 /* AVFoundation.framework */,
				8BE732C1559C45BABE803C18 /* AddressBook.framework */,
				E1E3F60AA19943DBAAA0116B /* AddressBookUI.framework */,
				0D928B2A179B4085B8F74AD7 /* CoreMotion.framework */,
				6E552EB02845403DA7D8EB0E /* AudioToolbox.framework */,
				E8C24285E1D44F17A55528A6 /* SystemConfiguration.framework */,
				8B1D42E62A6C430AA17D3C3D /* CoreTelephony.framework */,
			);
			name = Frameworks;
			sourceTree = "<group>";
		};
		301BF52E109A57CC0062928A /* Products */ = {
			isa = PBXGroup;
			children = (
				301BF535109A57CC0062928A /* libCordova.a */,
			);
			name = Products;
			sourceTree = "<group>";
		};
		3047A50E1AB8057F00498E2A /* config */ = {
			isa = PBXGroup;
			children = (
				3047A50F1AB8059700498E2A /* build-debug.xcconfig */,
				3047A5101AB8059700498E2A /* build-release.xcconfig */,
				3047A5111AB8059700498E2A /* build.xcconfig */,
			);
			name = config;
			sourceTree = "<group>";
		};
		307C750510C5A3420062BCA9 /* Plugins */ = {
			isa = PBXGroup;
			children = (
				3632E19CB62C42189AEFAEDF /* CDVBattery.m */,
				93FA897CC08143FA89D2109D /* CDVBattery.h */,
				CAFC2AFBC4884B26836CE5D7 /* UIImage+CropScaleOrientation.m */,
				090A0E0F268E4F6C977E316B /* CDVCamera.m */,
				84C51B2E5C4B4F8499797CE6 /* CDVJpegHeaderWriter.m */,
				253C81408CEC49B8ACD5A374 /* UIImage+CropScaleOrientation.h */,
				8D0ED9F07563497098029033 /* CDVCamera.h */,
				07148908C9E7464C9DA71353 /* CDVJpegHeaderWriter.h */,
				D9CCB4EC1760427D9DBDED71 /* CDVExif.h */,
				7333DFD28C364A1D8D22D15C /* CDVLogger.m */,
				25DA1744AF2447B49AF782EE /* CDVLogger.h */,
				7ACAEAD32F3D453F87634C47 /* CDVContacts.m */,
				104661F4CE644975AC9B21FB /* CDVContact.m */,
				9CE59166E98D4F36B344B689 /* CDVContacts.h */,
				E8689A09EFD849FC81D83D04 /* CDVContact.h */,
				BFD0B430210C49E7BABB170F /* CDVDevice.m */,
				5CCF677CEA6B4DEBA0EE882E /* CDVDevice.h */,
				0B6730467EE44758BD3CBD8C /* CDVAccelerometer.m */,
				45F010A9C3FF47F981F35CF2 /* CDVAccelerometer.h */,
				D24F51201F1442B081311681 /* CDVCompass.m */,
				03793D71024D4911B485E1C6 /* CDVCompass.h */,
				3B396BBF7C9C4FF1A21DA252 /* CDVNotification.m */,
				CD31E0CBAF4C43F380EECE82 /* CDVNotification.h */,
				086843422EC040BABFFE479E /* CDVFile.m */,
				615AE715E19A4415A5A96290 /* CDVLocalFilesystem.m */,
				EB249F90E8244DBA821B5C78 /* CDVAssetLibraryFilesystem.m */,
				2EDADBFFF7E540CA820D41FF /* CDVFile.h */,
				45AD14A9D29A4C298AD42943 /* CDVLocalFilesystem.h */,
				BACF07233DD144AD94EB41F4 /* CDVAssetLibraryFilesystem.h */,
				DDF6E38A42C543BC846C396A /* CDVFileTransfer.m */,
				0F5F1E45C69F4106A25551AE /* CDVFileTransfer.h */,
				1C986710DAC744D1894BDBB2 /* CDVLocation.m */,
				0796860323C14414AE5FD1E5 /* CDVLocation.h */,
				1E4E2463C759460F8B83CDC0 /* CDVGlobalization.m */,
				F1C66A54DCCC4CFD92EAABC3 /* CDVGlobalization.h */,
				5A8690160A7B4DD7B1291468 /* CDVInAppBrowser.m */,
				91B13AF6C9184D1B9361F633 /* CDVInAppBrowser.h */,
				2E7D57EA9827443081F25405 /* CDVSound.m */,
				DB1DE895B79D4683A869B736 /* CDVSound.h */,
				34606AE7467345A5BC7CFE78 /* CDVCapture.m */,
				F602B07698594770A594A92E /* CDVCapture.h */,
				99936208B8EA402B8EF58679 /* CDVConnection.m */,
				77A71AAB5FCF4223BC28451A /* CDVReachability.m */,
				D3CBA762E61049AB98936C82 /* CDVConnection.h */,
				EAB08DD444FF4D2F9753B150 /* CDVReachability.h */,
				4BC896D4F3F1450E9C1C7AD1 /* CDVSplashScreen.m */,
				0F745D752DAE446B8DB2F980 /* CDVViewController+SplashScreen.m */,
				75D73F1D3F4842A7AC349D39 /* CDVSplashScreen.h */,
				1835C47E10144B6BAF40EB0A /* CDVViewController+SplashScreen.h */,
				D18160F69DCC4A09ABACC865 /* CDVStatusBar.m */,
				F0979275C61D419BB743B9C2 /* CDVStatusBar.h */,
				1052A91943B64FBBB33EA4A5 /* CDVVibration.m */,
				6748972FA8A44ADFA621DB5E /* CDVVibration.h */,
			);
			name = Plugins;
			path = "Grader App/Plugins";
			sourceTree = SOURCE_ROOT;
		};
		EB87FDF11871DA420020F90C /* Staging */ = {
			isa = PBXGroup;
			children = (
				F840E1F0165FE0F500CFE078 /* config.xml */,
				301BF56E109A69640062928A /* www */,
			);
			name = Staging;
			sourceTree = "<group>";
		};
/* End PBXGroup section */

/* Begin PBXNativeTarget section */
		1D6058900D05DD3D006BFB54 /* Grader App */ = {
			isa = PBXNativeTarget;
			buildConfigurationList = 1D6058960D05DD3E006BFB54 /* Build configuration list for PBXNativeTarget "Grader App" */;
			buildPhases = (
				304B58A110DAC018002A0835 /* Copy www directory */,
				1D60588D0D05DD3D006BFB54 /* Resources */,
				1D60588E0D05DD3D006BFB54 /* Sources */,
				1D60588F0D05DD3D006BFB54 /* Frameworks */,
			);
			buildRules = (
			);
			dependencies = (
				301BF551109A68C00062928A /* PBXTargetDependency */,
			);
			name = "Grader App";
			productName = "Grader App";
			productReference = 1D6058910D05DD3D006BFB54 /* Grader App.app */;
			productType = "com.apple.product-type.application";
		};
/* End PBXNativeTarget section */

/* Begin PBXProject section */
		29B97313FDCFA39411CA2CEA /* Project object */ = {
			isa = PBXProject;
			attributes = {
				LastUpgradeCheck = 510;
				TargetAttributes = {
					1D6058900D05DD3D006BFB54 = {
						DevelopmentTeam = AXG3P8RP2P;
					};
				};
			};
			buildConfigurationList = C01FCF4E08A954540054247B /* Build configuration list for PBXProject "Grader App" */;
			compatibilityVersion = "Xcode 3.2";
			developmentRegion = English;
			hasScannedForEncodings = 1;
			knownRegions = (
				en,
			);
			mainGroup = 29B97314FDCFA39411CA2CEA /* CustomTemplate */;
			projectDirPath = "";
			projectReferences = (
				{
					ProductGroup = 301BF52E109A57CC0062928A /* Products */;
					ProjectRef = 301BF52D109A57CC0062928A /* CordovaLib.xcodeproj */;
				},
			);
			projectRoot = "";
			targets = (
				1D6058900D05DD3D006BFB54 /* Grader App */,
			);
		};
/* End PBXProject section */

/* Begin PBXReferenceProxy section */
		301BF535109A57CC0062928A /* libCordova.a */ = {
			isa = PBXReferenceProxy;
			fileType = archive.ar;
			path = libCordova.a;
			remoteRef = 301BF534109A57CC0062928A /* PBXContainerItemProxy */;
			sourceTree = BUILT_PRODUCTS_DIR;
		};
/* End PBXReferenceProxy section */

/* Begin PBXResourcesBuildPhase section */
		1D60588D0D05DD3D006BFB54 /* Resources */ = {
			isa = PBXResourcesBuildPhase;
			buildActionMask = 2147483647;
			files = (
				302D95F214D2391D003F00A1 /* MainViewController.xib in Resources */,
				3047A5131AB8059700498E2A /* build-release.xcconfig in Resources */,
				3047A5141AB8059700498E2A /* build.xcconfig in Resources */,
				0207DA581B56EA530066E2B4 /* Images.xcassets in Resources */,
				3047A5121AB8059700498E2A /* build-debug.xcconfig in Resources */,
				928EE29FA5294DD288B1187B /* CDVNotification.bundle in Resources */,
				1C14D92D217D4EB5AFFB326F /* CDVCapture.bundle in Resources */,
			);
			runOnlyForDeploymentPostprocessing = 0;
		};
/* End PBXResourcesBuildPhase section */

/* Begin PBXShellScriptBuildPhase section */
		304B58A110DAC018002A0835 /* Copy www directory */ = {
			isa = PBXShellScriptBuildPhase;
			buildActionMask = 2147483647;
			files = (
			);
			inputPaths = (
			);
			name = "Copy www directory";
			outputPaths = (
			);
			runOnlyForDeploymentPostprocessing = 0;
			shellPath = /bin/sh;
			shellScript = "NODEJS_PATH=/usr/local/bin; NVM_NODE_PATH=~/.nvm/versions/node/`nvm version 2>/dev/null`/bin; N_NODE_PATH=`find /usr/local/n/versions/node/* -maxdepth 0 -type d 2>/dev/null | tail -1`/bin; XCODE_NODE_PATH=`xcode-select --print-path`/usr/share/xcs/Node/bin; PATH=$NODEJS_PATH:$NVM_NODE_PATH:$N_NODE_PATH:$XCODE_NODE_PATH:$PATH && node cordova/lib/copy-www-build-step.js";
			showEnvVarsInLog = 0;
		};
/* End PBXShellScriptBuildPhase section */

/* Begin PBXSourcesBuildPhase section */
		1D60588E0D05DD3D006BFB54 /* Sources */ = {
			isa = PBXSourcesBuildPhase;
			buildActionMask = 2147483647;
			files = (
				1D60589B0D05DD56006BFB54 /* main.m in Sources */,
				1D3623260D0F684500981E51 /* AppDelegate.m in Sources */,
				302D95F114D2391D003F00A1 /* MainViewController.m in Sources */,
				9CEC7926F5644A29AFD3966C /* CDVBattery.m in Sources */,
				FED7BF5C3D384711806DCBC4 /* UIImage+CropScaleOrientation.m in Sources */,
				2B4E58F83713466E96217869 /* CDVCamera.m in Sources */,
				77960CBD902343F4A232DAF3 /* CDVJpegHeaderWriter.m in Sources */,
				06D5B09FA1AE41479FC9F011 /* CDVLogger.m in Sources */,
				CAD942CA755A4C80A45EF533 /* CDVContacts.m in Sources */,
				C1EA9F6402424CB5A91E670E /* CDVContact.m in Sources */,
				1CFAD83AF89142959CCB7139 /* CDVDevice.m in Sources */,
				56E15E9D92B0411DADE36082 /* CDVAccelerometer.m in Sources */,
				E64EB64D39CC4B7780B966B3 /* CDVCompass.m in Sources */,
				45DC6FFEB4FC40B8994F75D8 /* CDVNotification.m in Sources */,
				D04ED5CB27504F9092D1ED9B /* CDVFile.m in Sources */,
				FE4FE3E31B224556920689C8 /* CDVLocalFilesystem.m in Sources */,
				9829988A096E4E4796ED2D0A /* CDVAssetLibraryFilesystem.m in Sources */,
				8EB36B3AFDA447B6B6EBB86D /* CDVFileTransfer.m in Sources */,
				C886D88928A944D2833A8896 /* CDVLocation.m in Sources */,
				E0EB9D1E6E0C43F4A622CD08 /* CDVGlobalization.m in Sources */,
				4D979F565AE9435BB06F1932 /* CDVInAppBrowser.m in Sources */,
				57729839D91F4977B2265DA9 /* CDVSound.m in Sources */,
				8AFB863C40584AA08802920C /* CDVCapture.m in Sources */,
				388F62CA655341F386C099D7 /* CDVConnection.m in Sources */,
				3B8682200549480A9454EEEA /* CDVReachability.m in Sources */,
				C957D675E77F42DB84526300 /* CDVSplashScreen.m in Sources */,
				A215689945E044309104E52A /* CDVViewController+SplashScreen.m in Sources */,
				0C8691F6896D4DD9AAF02165 /* CDVStatusBar.m in Sources */,
				401421BBC5F34B59A1993652 /* CDVVibration.m in Sources */,
			);
			runOnlyForDeploymentPostprocessing = 0;
		};
/* End PBXSourcesBuildPhase section */

/* Begin PBXTargetDependency section */
		301BF551109A68C00062928A /* PBXTargetDependency */ = {
			isa = PBXTargetDependency;
			name = CordovaLib;
			targetProxy = 301BF550109A68C00062928A /* PBXContainerItemProxy */;
		};
/* End PBXTargetDependency section */

/* Begin XCBuildConfiguration section */
		1D6058940D05DD3E006BFB54 /* Debug */ = {
			isa = XCBuildConfiguration;
			baseConfigurationReference = 3047A50F1AB8059700498E2A /* build-debug.xcconfig */;
			buildSettings = {
				ALWAYS_SEARCH_USER_PATHS = NO;
				ASSETCATALOG_COMPILER_APPICON_NAME = AppIcon;
				ASSETCATALOG_COMPILER_LAUNCHIMAGE_NAME = LaunchImage;
				CLANG_ENABLE_MODULES = YES;
				CLANG_ENABLE_OBJC_ARC = YES;
				CODE_SIGN_IDENTITY = "iPhone Developer";
				"CODE_SIGN_IDENTITY[sdk=iphoneos*]" = "iPhone Developer";
				COPY_PHASE_STRIP = NO;
				GCC_DYNAMIC_NO_PIC = NO;
				GCC_OPTIMIZATION_LEVEL = 0;
				GCC_PRECOMPILE_PREFIX_HEADER = YES;
				GCC_PREFIX_HEADER = "Grader App/Grader App-Prefix.pch";
				GCC_THUMB_SUPPORT = NO;
				GCC_VERSION = "";
				INFOPLIST_FILE = "Grader App/Grader App-Info.plist";
				LD_RUNPATH_SEARCH_PATHS = "@executable_path/Frameworks";
				PRODUCT_NAME = "Grader App";
				PROVISIONING_PROFILE = "";
			};
			name = Debug;
		};
		1D6058950D05DD3E006BFB54 /* Release */ = {
			isa = XCBuildConfiguration;
			baseConfigurationReference = 3047A5101AB8059700498E2A /* build-release.xcconfig */;
			buildSettings = {
				ALWAYS_SEARCH_USER_PATHS = NO;
				ASSETCATALOG_COMPILER_APPICON_NAME = AppIcon;
				ASSETCATALOG_COMPILER_LAUNCHIMAGE_NAME = LaunchImage;
				CLANG_ENABLE_MODULES = YES;
				CLANG_ENABLE_OBJC_ARC = YES;
				CODE_SIGN_IDENTITY = "iPhone Developer";
				"CODE_SIGN_IDENTITY[sdk=iphoneos*]" = "iPhone Developer";
				COPY_PHASE_STRIP = YES;
				GCC_PRECOMPILE_PREFIX_HEADER = YES;
				GCC_PREFIX_HEADER = "Grader App/Grader App-Prefix.pch";
				GCC_THUMB_SUPPORT = NO;
				GCC_VERSION = "";
				INFOPLIST_FILE = "Grader App/Grader App-Info.plist";
				PRODUCT_NAME = "Grader App";
				PROVISIONING_PROFILE = "";
			};
			name = Release;
		};
		C01FCF4F08A954540054247B /* Debug */ = {
			isa = XCBuildConfiguration;
			baseConfigurationReference = 3047A5111AB8059700498E2A /* build.xcconfig */;
			buildSettings = {
				CLANG_ENABLE_MODULES = YES;
				CLANG_ENABLE_OBJC_ARC = YES;
				CLANG_WARN_BOOL_CONVERSION = YES;
				CLANG_WARN_CONSTANT_CONVERSION = YES;
				CLANG_WARN_EMPTY_BODY = YES;
				CLANG_WARN_ENUM_CONVERSION = YES;
				CLANG_WARN_INT_CONVERSION = YES;
				CLANG_WARN__DUPLICATE_METHOD_MATCH = YES;
				GCC_C_LANGUAGE_STANDARD = c99;
				GCC_THUMB_SUPPORT = NO;
				GCC_VERSION = "";
				GCC_WARN_ABOUT_RETURN_TYPE = YES;
				GCC_WARN_UNDECLARED_SELECTOR = YES;
				GCC_WARN_UNINITIALIZED_AUTOS = YES;
				GCC_WARN_UNUSED_FUNCTION = YES;
				GCC_WARN_UNUSED_VARIABLE = YES;
				ONLY_ACTIVE_ARCH = YES;
				SDKROOT = iphoneos;
				SKIP_INSTALL = NO;
			};
			name = Debug;
		};
		C01FCF5008A954540054247B /* Release */ = {
			isa = XCBuildConfiguration;
			baseConfigurationReference = 3047A5111AB8059700498E2A /* build.xcconfig */;
			buildSettings = {
				CLANG_ENABLE_MODULES = YES;
				CLANG_ENABLE_OBJC_ARC = YES;
				CLANG_WARN_BOOL_CONVERSION = YES;
				CLANG_WARN_CONSTANT_CONVERSION = YES;
				CLANG_WARN_EMPTY_BODY = YES;
				CLANG_WARN_ENUM_CONVERSION = YES;
				CLANG_WARN_INT_CONVERSION = YES;
				CLANG_WARN__DUPLICATE_METHOD_MATCH = YES;
				GCC_C_LANGUAGE_STANDARD = c99;
				GCC_THUMB_SUPPORT = NO;
				GCC_VERSION = "";
				GCC_WARN_ABOUT_RETURN_TYPE = YES;
				GCC_WARN_UNDECLARED_SELECTOR = YES;
				GCC_WARN_UNINITIALIZED_AUTOS = YES;
				GCC_WARN_UNUSED_FUNCTION = YES;
				GCC_WARN_UNUSED_VARIABLE = YES;
				SDKROOT = iphoneos;
				SKIP_INSTALL = NO;
			};
			name = Release;
		};
/* End XCBuildConfiguration section */

/* Begin XCConfigurationList section */
		1D6058960D05DD3E006BFB54 /* Build configuration list for PBXNativeTarget "Grader App" */ = {
			isa = XCConfigurationList;
			buildConfigurations = (
				1D6058940D05DD3E006BFB54 /* Debug */,
				1D6058950D05DD3E006BFB54 /* Release */,
			);
			defaultConfigurationIsVisible = 0;
			defaultConfigurationName = Release;
		};
		C01FCF4E08A954540054247B /* Build configuration list for PBXProject "Grader App" */ = {
			isa = XCConfigurationList;
			buildConfigurations = (
				C01FCF4F08A954540054247B /* Debug */,
				C01FCF5008A954540054247B /* Release */,
			);
			defaultConfigurationIsVisible = 0;
			defaultConfigurationName = Release;
		};
/* End XCConfigurationList section */
	};
	rootObject = 29B97313FDCFA39411CA2CEA /* Project object */;
}
